
Microsoft Visual Studio Solution File, Format Version 12.00
# Visual Studio Version 16
VisualStudioVersion = 16.0.32802.440
MinimumVisualStudioVersion = 10.0.40219.1
Project("{9A19103F-16F7-4668-BE54-9A1E7A4F7556}") = "A1000", "A1000\A1000.csproj", "{BBBB6FE2-7676-4111-818A-EF0C913E15B7}"
EndProject
Project("{9A19103F-16F7-4668-BE54-9A1E7A4F7556}") = "A1001", "A1001\A1001.csproj", "{215F6B0F-2680-427C-8EB2-0EF95C16138A}"
EndProject
Project("{9A19103F-16F7-4668-BE54-9A1E7A4F7556}") = "A1002", "A1002\A1002.csproj", "{F0FB4937-419D-474D-A3BC-1F492753FFA2}"
EndProject
Project("{9A19103F-16F7-4668-BE54-9A1E7A4F7556}") = "A1003", "A1003\A1003.csproj", "{7B0EDF59-DB72-452F-B8C9-23B1A34C4592}"
EndProject
Project("{9A19103F-16F7-4668-BE54-9A1E7A4F7556}") = "A1004", "A1004\A1004.csproj", "{9022C164-56A8-41A1-9C5B-884523C928C5}"
EndProject
Project("{9A19103F-16F7-4668-BE54-9A1E7A4F7556}") = "A1005", "A1005\A1005.csproj", "{DA784DD4-8702-4B0D-A492-9F644A8D014F}"
EndProject
Project("{9A19103F-16F7-4668-BE54-9A1E7A4F7556}") = "A1006", "A1006\A1006.csproj", "{9D0753F7-53CB-464E-AD4C-1AA6D79DF7CE}"
EndProject
Project("{9A19103F-16F7-4668-BE54-9A1E7A4F7556}") = "A1007", "A1007\A1007.csproj", "{9EB0E477-A9B2-4806-8879-ADB226279116}"
EndProject
Project("{9A19103F-16F7-4668-BE54-9A1E7A4F7556}") = "A1008", "A1008\A1008.csproj", "{F928A661-4C56-4864-A08F-A349A4F72173}"
EndProject
Project("{9A19103F-16F7-4668-BE54-9A1E7A4F7556}") = "A1009", "A1009\A1009.csproj", "{F35F075A-A0B8-4FB0-9DD0-DCD7A557491D}"
EndProject
Project("{9A19103F-16F7-4668-BE54-9A1E7A4F7556}") = "A1010", "A1010\A1010.csproj", "{6D28C775-9F79-4189-B06C-3742FEEA7D34}"
EndProject
Project("{9A19103F-16F7-4668-BE54-9A1E7A4F7556}") = "A1011", "A1011\A1011.csproj", "{6EBFE4F7-BC77-4369-B5F6-3F2D510A7572}"
EndProject
Project("{9A19103F-16F7-4668-BE54-9A1E7A4F7556}") = "A1012", "A1012\A1012.csproj", "{5AF884F0-6CBA-4F99-943B-70150620F4DA}"
EndProject
Project("{9A19103F-16F7-4668-BE54-9A1E7A4F7556}") = "A1013", "A1013\A1013.csproj", "{FCBC92BD-5828-40F3-9E44-7928B2144F8A}"
EndProject
Project("{9A19103F-16F7-4668-BE54-9A1E7A4F7556}") = "A1014", "A1014\A1014.csproj", "{7229E52C-4D45-47D6-9A9C-C08068A2D240}"
EndProject
Project("{9A19103F-16F7-4668-BE54-9A1E7A4F7556}") = "A1015", "A1015\A1015.csproj", "{09876A96-3DE0-40EC-BDFA-8754B5E30122}"
EndProject
Project("{9A19103F-16F7-4668-BE54-9A1E7A4F7556}") = "A1016", "A1016\A1016.csproj", "{319DD823-3373-4127-906A-700D2B8143A4}"
EndProject
Project("{9A19103F-16F7-4668-BE54-9A1E7A4F7556}") = "A1017", "A1017\A1017.csproj", "{DF993235-CD25-4059-AEEF-D2B1653EA7E2}"
EndProject
Project("{9A19103F-16F7-4668-BE54-9A1E7A4F7556}") = "A1018", "A1018\A1018.csproj", "{C9801C1F-0330-44DD-AFC6-5F056DFF0C0C}"
EndProject
Project("{9A19103F-16F7-4668-BE54-9A1E7A4F7556}") = "A1019", "A1019\A1019.csproj", "{36163EE3-FF17-4D69-99AB-BA5EA3AB1692}"
EndProject
Project("{9A19103F-16F7-4668-BE54-9A1E7A4F7556}") = "A1020", "A1020\A1020.csproj", "{C46E1CBE-9A38-4852-85FD-C790B7358E58}"
EndProject
Project("{9A19103F-16F7-4668-BE54-9A1E7A4F7556}") = "A1035", "A1035\A1035.csproj", "{BD149C6C-718E-4143-8DAC-FC87A7FED355}"
EndProject
Project("{9A19103F-16F7-4668-BE54-9A1E7A4F7556}") = "A1021", "A1021\A1021.csproj", "{048DE76A-88CC-4FCC-A027-1C7495896AB4}"
EndProject
Project("{9A19103F-16F7-4668-BE54-9A1E7A4F7556}") = "A1036", "A1036\A1036.csproj", "{C39DCD65-A73A-481B-B351-F981F8BB5DB2}"
EndProject
Project("{9A19103F-16F7-4668-BE54-9A1E7A4F7556}") = "A1037", "A1037\A1037.csproj", "{E016568A-C6CB-4A7F-8900-0752577852D4}"
EndProject
Project("{9A19103F-16F7-4668-BE54-9A1E7A4F7556}") = "A1038", "A1038\A1038.csproj", "{906A645E-41D6-4E7D-B41E-047AF431CD8C}"
EndProject
Project("{9A19103F-16F7-4668-BE54-9A1E7A4F7556}") = "A1040", "A1040\A1040.csproj", "{FDFC1D36-14AA-426C-8A87-6EA339EA0978}"
EndProject
Project("{9A19103F-16F7-4668-BE54-9A1E7A4F7556}") = "A1041", "A1041\A1041.csproj", "{D7993EE2-06AC-4C72-9967-101780C1C0A3}"
EndProject
Project("{9A19103F-16F7-4668-BE54-9A1E7A4F7556}") = "A1042", "A1042\A1042.csproj", "{EA1EF362-385F-4FBC-BD88-729417C15704}"
EndProject
Project("{9A19103F-16F7-4668-BE54-9A1E7A4F7556}") = "A1043", "A1043\A1043.csproj", "{B6F26D3F-7E9F-4FC8-A1BF-92BE21B9F96C}"
EndProject
Project("{9A19103F-16F7-4668-BE54-9A1E7A4F7556}") = "A1044", "A1044\A1044.csproj", "{BF274E2C-AC0B-4B8E-B98A-284793F540FA}"
EndProject
Project("{9A19103F-16F7-4668-BE54-9A1E7A4F7556}") = "A1045", "A1045\A1045.csproj", "{D3291392-39FD-42BF-B374-230360D5031E}"
EndProject
Project("{9A19103F-16F7-4668-BE54-9A1E7A4F7556}") = "A1046", "A1046\A1046.csproj", "{09085747-46FA-4EF4-B7ED-88014D310141}"
EndProject
Project("{9A19103F-16F7-4668-BE54-9A1E7A4F7556}") = "A1047", "A1047\A1047.csproj", "{9FAE7BF0-4D59-4F81-986C-6B79FA4DD8A8}"
EndProject
Project("{9A19103F-16F7-4668-BE54-9A1E7A4F7556}") = "A1048", "A1048\A1048.csproj", "{184E9EA1-CA2D-4031-BC65-28B0E45BCBEB}"
EndProject
Project("{9A19103F-16F7-4668-BE54-9A1E7A4F7556}") = "A1049", "A1049\A1049.csproj", "{4D4AC621-061C-489F-8961-5D7B98833A36}"
EndProject
Project("{9A19103F-16F7-4668-BE54-9A1E7A4F7556}") = "A1050", "A1050\A1050.csproj", "{7A8B4ECE-0CE6-4D75-80FC-E5B21D9D72B3}"
EndProject
Project("{9A19103F-16F7-4668-BE54-9A1E7A4F7556}") = "A1051", "A1051\A1051.csproj", "{B389003F-F2FA-429B-907D-93F47B3C283A}"
EndProject
Project("{9A19103F-16F7-4668-BE54-9A1E7A4F7556}") = "A1052", "A1052\A1052.csproj", "{0FC20452-5B30-4C6C-9708-7ACE2189F54D}"
EndProject
Project("{9A19103F-16F7-4668-BE54-9A1E7A4F7556}") = "A1060", "A1060\A1060.csproj", "{D5CEA230-AC86-433C-B769-0EAFB40924FF}"
EndProject
Project("{9A19103F-16F7-4668-BE54-9A1E7A4F7556}") = "A1061", "A1061\A1061.csproj", "{084FED0D-3C85-43E9-ADA0-E88E5DB709DE}"
EndProject
Project("{9A19103F-16F7-4668-BE54-9A1E7A4F7556}") = "A1064", "A1064\A1064.csproj", "{5F2F87A5-F641-41A8-816D-F38F8D652945}"
EndProject
Project("{9A19103F-16F7-4668-BE54-9A1E7A4F7556}") = "A1065", "A1065\A1065.csproj", "{AC1E1179-E2F9-4FD1-943F-049464447DF6}"
EndProject
Project("{9A19103F-16F7-4668-BE54-9A1E7A4F7556}") = "A1066", "A1066\A1066.csproj", "{9FD748A5-3868-4E13-A0F8-166341A134AA}"
EndProject
Project("{9A19103F-16F7-4668-BE54-9A1E7A4F7556}") = "A1067", "A1067\A1067.csproj", "{AE367D19-0674-4BEA-83E1-5B7442C6E737}"
EndProject
Project("{9A19103F-16F7-4668-BE54-9A1E7A4F7556}") = "A1070", "A1070\A1070.csproj", "{3C10F4CD-8A31-41AC-B344-EF04A7EC1E59}"
EndProject
Project("{9A19103F-16F7-4668-BE54-9A1E7A4F7556}") = "A1071", "A1071\A1071.csproj", "{82028D7E-1355-4AED-AB86-8E520C3D5637}"
EndProject
Project("{9A19103F-16F7-4668-BE54-9A1E7A4F7556}") = "A1072", "A1072\A1072.csproj", "{21EFBE67-AF2B-4ACB-91CF-70235598F43E}"
EndProject
Project("{9A19103F-16F7-4668-BE54-9A1E7A4F7556}") = "A1073", "A1073\A1073.csproj", "{076BE9AE-911C-477E-A0D3-9C0DC2E7B7D5}"
EndProject
Project("{9A19103F-16F7-4668-BE54-9A1E7A4F7556}") = "A1074", "A1074\A1074.csproj", "{B2C017DD-1357-4602-890C-69DF4903BAB3}"
EndProject
Project("{9A19103F-16F7-4668-BE54-9A1E7A4F7556}") = "A1075", "A1075\A1075.csproj", "{56D85175-BF53-4744-B39C-66D6F2D86C85}"
EndProject
Project("{9A19103F-16F7-4668-BE54-9A1E7A4F7556}") = "A1078", "A1078\A1078.csproj", "{B04817EA-8416-4A03-A396-52919FEBEC0B}"
EndProject
Project("{9A19103F-16F7-4668-BE54-9A1E7A4F7556}") = "A1079", "A1079\A1079.csproj", "{74096BA4-2B0E-424F-A69A-480BF96C0EAF}"
EndProject
Project("{9A19103F-16F7-4668-BE54-9A1E7A4F7556}") = "A1080", "A1080\A1080.csproj", "{C8DD95B1-68C6-46CA-BF26-92611044FBE4}"
EndProject
Project("{9A19103F-16F7-4668-BE54-9A1E7A4F7556}") = "A1094", "A1094\A1094.csproj", "{32821657-2559-4208-BBC2-707B2544776F}"
EndProject
Project("{9A19103F-16F7-4668-BE54-9A1E7A4F7556}") = "A1095", "A1095\A1095.csproj", "{5933B8E7-F0FE-4596-B238-0851D3781089}"
EndProject
Project("{9A19103F-16F7-4668-BE54-9A1E7A4F7556}") = "A1096", "A1096\A1096.csproj", "{A1EC6668-3251-4BB8-8FA9-EF3CB913A7A4}"
EndProject
Project("{9A19103F-16F7-4668-BE54-9A1E7A4F7556}") = "A1097", "A1097\A1097.csproj", "{93765FDB-7FA2-4FAE-BEA4-A9560A6E522F}"
EndProject
Project("{9A19103F-16F7-4668-BE54-9A1E7A4F7556}") = "A1098", "A1098\A1098.csproj", "{93CEBB38-132B-4CEF-9CCC-ADFBB923B0D2}"
EndProject
Project("{FAE04EC0-301F-11D3-BF4B-00C04F79EFBC}") = "A1099", "A1099\A1099.csproj", "{C0E06065-7A4A-406B-B4FF-FDE9F6E2C80E}"
EndProject
Project("{FAE04EC0-301F-11D3-BF4B-00C04F79EFBC}") = "A1101", "A1101\A1101.csproj", "{EB1E1EAF-3F72-42D9-AA6F-5C5E11E448D3}"
EndProject
Global
	GlobalSection(SolutionConfigurationPlatforms) = preSolution
		Debug|Any CPU = Debug|Any CPU
		Release|Any CPU = Release|Any CPU
	EndGlobalSection
	GlobalSection(ProjectConfigurationPlatforms) = postSolution
		{BBBB6FE2-7676-4111-818A-EF0C913E15B7}.Debug|Any CPU.ActiveCfg = Debug|Any CPU
		{BBBB6FE2-7676-4111-818A-EF0C913E15B7}.Debug|Any CPU.Build.0 = Debug|Any CPU
		{BBBB6FE2-7676-4111-818A-EF0C913E15B7}.Release|Any CPU.ActiveCfg = Release|Any CPU
		{BBBB6FE2-7676-4111-818A-EF0C913E15B7}.Release|Any CPU.Build.0 = Release|Any CPU
		{215F6B0F-2680-427C-8EB2-0EF95C16138A}.Debug|Any CPU.ActiveCfg = Debug|Any CPU
		{215F6B0F-2680-427C-8EB2-0EF95C16138A}.Debug|Any CPU.Build.0 = Debug|Any CPU
		{215F6B0F-2680-427C-8EB2-0EF95C16138A}.Release|Any CPU.ActiveCfg = Release|Any CPU
		{215F6B0F-2680-427C-8EB2-0EF95C16138A}.Release|Any CPU.Build.0 = Release|Any CPU
		{F0FB4937-419D-474D-A3BC-1F492753FFA2}.Debug|Any CPU.ActiveCfg = Debug|Any CPU
		{F0FB4937-419D-474D-A3BC-1F492753FFA2}.Debug|Any CPU.Build.0 = Debug|Any CPU
		{F0FB4937-419D-474D-A3BC-1F492753FFA2}.Release|Any CPU.ActiveCfg = Release|Any CPU
		{F0FB4937-419D-474D-A3BC-1F492753FFA2}.Release|Any CPU.Build.0 = Release|Any CPU
		{7B0EDF59-DB72-452F-B8C9-23B1A34C4592}.Debug|Any CPU.ActiveCfg = Debug|Any CPU
		{7B0EDF59-DB72-452F-B8C9-23B1A34C4592}.Debug|Any CPU.Build.0 = Debug|Any CPU
		{7B0EDF59-DB72-452F-B8C9-23B1A34C4592}.Release|Any CPU.ActiveCfg = Release|Any CPU
		{7B0EDF59-DB72-452F-B8C9-23B1A34C4592}.Release|Any CPU.Build.0 = Release|Any CPU
		{9022C164-56A8-41A1-9C5B-884523C928C5}.Debug|Any CPU.ActiveCfg = Debug|Any CPU
		{9022C164-56A8-41A1-9C5B-884523C928C5}.Debug|Any CPU.Build.0 = Debug|Any CPU
		{9022C164-56A8-41A1-9C5B-884523C928C5}.Release|Any CPU.ActiveCfg = Release|Any CPU
		{9022C164-56A8-41A1-9C5B-884523C928C5}.Release|Any CPU.Build.0 = Release|Any CPU
		{DA784DD4-8702-4B0D-A492-9F644A8D014F}.Debug|Any CPU.ActiveCfg = Debug|Any CPU
		{DA784DD4-8702-4B0D-A492-9F644A8D014F}.Debug|Any CPU.Build.0 = Debug|Any CPU
		{DA784DD4-8702-4B0D-A492-9F644A8D014F}.Release|Any CPU.ActiveCfg = Release|Any CPU
		{DA784DD4-8702-4B0D-A492-9F644A8D014F}.Release|Any CPU.Build.0 = Release|Any CPU
		{9D0753F7-53CB-464E-AD4C-1AA6D79DF7CE}.Debug|Any CPU.ActiveCfg = Debug|Any CPU
		{9D0753F7-53CB-464E-AD4C-1AA6D79DF7CE}.Debug|Any CPU.Build.0 = Debug|Any CPU
		{9D0753F7-53CB-464E-AD4C-1AA6D79DF7CE}.Release|Any CPU.ActiveCfg = Release|Any CPU
		{9D0753F7-53CB-464E-AD4C-1AA6D79DF7CE}.Release|Any CPU.Build.0 = Release|Any CPU
		{9EB0E477-A9B2-4806-8879-ADB226279116}.Debug|Any CPU.ActiveCfg = Debug|Any CPU
		{9EB0E477-A9B2-4806-8879-ADB226279116}.Debug|Any CPU.Build.0 = Debug|Any CPU
		{9EB0E477-A9B2-4806-8879-ADB226279116}.Release|Any CPU.ActiveCfg = Release|Any CPU
		{9EB0E477-A9B2-4806-8879-ADB226279116}.Release|Any CPU.Build.0 = Release|Any CPU
		{F928A661-4C56-4864-A08F-A349A4F72173}.Debug|Any CPU.ActiveCfg = Debug|Any CPU
		{F928A661-4C56-4864-A08F-A349A4F72173}.Debug|Any CPU.Build.0 = Debug|Any CPU
		{F928A661-4C56-4864-A08F-A349A4F72173}.Release|Any CPU.ActiveCfg = Release|Any CPU
		{F928A661-4C56-4864-A08F-A349A4F72173}.Release|Any CPU.Build.0 = Release|Any CPU
		{F35F075A-A0B8-4FB0-9DD0-DCD7A557491D}.Debug|Any CPU.ActiveCfg = Debug|Any CPU
		{F35F075A-A0B8-4FB0-9DD0-DCD7A557491D}.Debug|Any CPU.Build.0 = Debug|Any CPU
		{F35F075A-A0B8-4FB0-9DD0-DCD7A557491D}.Release|Any CPU.ActiveCfg = Release|Any CPU
		{F35F075A-A0B8-4FB0-9DD0-DCD7A557491D}.Release|Any CPU.Build.0 = Release|Any CPU
		{6D28C775-9F79-4189-B06C-3742FEEA7D34}.Debug|Any CPU.ActiveCfg = Debug|Any CPU
		{6D28C775-9F79-4189-B06C-3742FEEA7D34}.Debug|Any CPU.Build.0 = Debug|Any CPU
		{6D28C775-9F79-4189-B06C-3742FEEA7D34}.Release|Any CPU.ActiveCfg = Release|Any CPU
		{6D28C775-9F79-4189-B06C-3742FEEA7D34}.Release|Any CPU.Build.0 = Release|Any CPU
		{6EBFE4F7-BC77-4369-B5F6-3F2D510A7572}.Debug|Any CPU.ActiveCfg = Debug|Any CPU
		{6EBFE4F7-BC77-4369-B5F6-3F2D510A7572}.Debug|Any CPU.Build.0 = Debug|Any CPU
		{6EBFE4F7-BC77-4369-B5F6-3F2D510A7572}.Release|Any CPU.ActiveCfg = Release|Any CPU
		{6EBFE4F7-BC77-4369-B5F6-3F2D510A7572}.Release|Any CPU.Build.0 = Release|Any CPU
		{5AF884F0-6CBA-4F99-943B-70150620F4DA}.Debug|Any CPU.ActiveCfg = Debug|Any CPU
		{5AF884F0-6CBA-4F99-943B-70150620F4DA}.Debug|Any CPU.Build.0 = Debug|Any CPU
		{5AF884F0-6CBA-4F99-943B-70150620F4DA}.Release|Any CPU.ActiveCfg = Release|Any CPU
		{5AF884F0-6CBA-4F99-943B-70150620F4DA}.Release|Any CPU.Build.0 = Release|Any CPU
		{FCBC92BD-5828-40F3-9E44-7928B2144F8A}.Debug|Any CPU.ActiveCfg = Debug|Any CPU
		{FCBC92BD-5828-40F3-9E44-7928B2144F8A}.Debug|Any CPU.Build.0 = Debug|Any CPU
		{FCBC92BD-5828-40F3-9E44-7928B2144F8A}.Release|Any CPU.ActiveCfg = Release|Any CPU
		{FCBC92BD-5828-40F3-9E44-7928B2144F8A}.Release|Any CPU.Build.0 = Release|Any CPU
		{7229E52C-4D45-47D6-9A9C-C08068A2D240}.Debug|Any CPU.ActiveCfg = Debug|Any CPU
		{7229E52C-4D45-47D6-9A9C-C08068A2D240}.Debug|Any CPU.Build.0 = Debug|Any CPU
		{7229E52C-4D45-47D6-9A9C-C08068A2D240}.Release|Any CPU.ActiveCfg = Release|Any CPU
		{7229E52C-4D45-47D6-9A9C-C08068A2D240}.Release|Any CPU.Build.0 = Release|Any CPU
		{09876A96-3DE0-40EC-BDFA-8754B5E30122}.Debug|Any CPU.ActiveCfg = Debug|Any CPU
		{09876A96-3DE0-40EC-BDFA-8754B5E30122}.Debug|Any CPU.Build.0 = Debug|Any CPU
		{09876A96-3DE0-40EC-BDFA-8754B5E30122}.Release|Any CPU.ActiveCfg = Release|Any CPU
		{09876A96-3DE0-40EC-BDFA-8754B5E30122}.Release|Any CPU.Build.0 = Release|Any CPU
		{319DD823-3373-4127-906A-700D2B8143A4}.Debug|Any CPU.ActiveCfg = Debug|Any CPU
		{319DD823-3373-4127-906A-700D2B8143A4}.Debug|Any CPU.Build.0 = Debug|Any CPU
		{319DD823-3373-4127-906A-700D2B8143A4}.Release|Any CPU.ActiveCfg = Release|Any CPU
		{319DD823-3373-4127-906A-700D2B8143A4}.Release|Any CPU.Build.0 = Release|Any CPU
		{DF993235-CD25-4059-AEEF-D2B1653EA7E2}.Debug|Any CPU.ActiveCfg = Debug|Any CPU
		{DF993235-CD25-4059-AEEF-D2B1653EA7E2}.Debug|Any CPU.Build.0 = Debug|Any CPU
		{DF993235-CD25-4059-AEEF-D2B1653EA7E2}.Release|Any CPU.ActiveCfg = Release|Any CPU
		{DF993235-CD25-4059-AEEF-D2B1653EA7E2}.Release|Any CPU.Build.0 = Release|Any CPU
		{C9801C1F-0330-44DD-AFC6-5F056DFF0C0C}.Debug|Any CPU.ActiveCfg = Debug|Any CPU
		{C9801C1F-0330-44DD-AFC6-5F056DFF0C0C}.Debug|Any CPU.Build.0 = Debug|Any CPU
		{C9801C1F-0330-44DD-AFC6-5F056DFF0C0C}.Release|Any CPU.ActiveCfg = Release|Any CPU
		{C9801C1F-0330-44DD-AFC6-5F056DFF0C0C}.Release|Any CPU.Build.0 = Release|Any CPU
		{36163EE3-FF17-4D69-99AB-BA5EA3AB1692}.Debug|Any CPU.ActiveCfg = Debug|Any CPU
		{36163EE3-FF17-4D69-99AB-BA5EA3AB1692}.Debug|Any CPU.Build.0 = Debug|Any CPU
		{36163EE3-FF17-4D69-99AB-BA5EA3AB1692}.Release|Any CPU.ActiveCfg = Release|Any CPU
		{36163EE3-FF17-4D69-99AB-BA5EA3AB1692}.Release|Any CPU.Build.0 = Release|Any CPU
		{C46E1CBE-9A38-4852-85FD-C790B7358E58}.Debug|Any CPU.ActiveCfg = Debug|Any CPU
		{C46E1CBE-9A38-4852-85FD-C790B7358E58}.Debug|Any CPU.Build.0 = Debug|Any CPU
		{C46E1CBE-9A38-4852-85FD-C790B7358E58}.Release|Any CPU.ActiveCfg = Release|Any CPU
		{C46E1CBE-9A38-4852-85FD-C790B7358E58}.Release|Any CPU.Build.0 = Release|Any CPU
		{BD149C6C-718E-4143-8DAC-FC87A7FED355}.Debug|Any CPU.ActiveCfg = Debug|Any CPU
		{BD149C6C-718E-4143-8DAC-FC87A7FED355}.Debug|Any CPU.Build.0 = Debug|Any CPU
		{BD149C6C-718E-4143-8DAC-FC87A7FED355}.Release|Any CPU.ActiveCfg = Release|Any CPU
		{BD149C6C-718E-4143-8DAC-FC87A7FED355}.Release|Any CPU.Build.0 = Release|Any CPU
		{048DE76A-88CC-4FCC-A027-1C7495896AB4}.Debug|Any CPU.ActiveCfg = Debug|Any CPU
		{048DE76A-88CC-4FCC-A027-1C7495896AB4}.Debug|Any CPU.Build.0 = Debug|Any CPU
		{048DE76A-88CC-4FCC-A027-1C7495896AB4}.Release|Any CPU.ActiveCfg = Release|Any CPU
		{048DE76A-88CC-4FCC-A027-1C7495896AB4}.Release|Any CPU.Build.0 = Release|Any CPU
		{C39DCD65-A73A-481B-B351-F981F8BB5DB2}.Debug|Any CPU.ActiveCfg = Debug|Any CPU
		{C39DCD65-A73A-481B-B351-F981F8BB5DB2}.Debug|Any CPU.Build.0 = Debug|Any CPU
		{C39DCD65-A73A-481B-B351-F981F8BB5DB2}.Release|Any CPU.ActiveCfg = Release|Any CPU
		{C39DCD65-A73A-481B-B351-F981F8BB5DB2}.Release|Any CPU.Build.0 = Release|Any CPU
		{E016568A-C6CB-4A7F-8900-0752577852D4}.Debug|Any CPU.ActiveCfg = Debug|Any CPU
		{E016568A-C6CB-4A7F-8900-0752577852D4}.Debug|Any CPU.Build.0 = Debug|Any CPU
		{E016568A-C6CB-4A7F-8900-0752577852D4}.Release|Any CPU.ActiveCfg = Release|Any CPU
		{E016568A-C6CB-4A7F-8900-0752577852D4}.Release|Any CPU.Build.0 = Release|Any CPU
		{906A645E-41D6-4E7D-B41E-047AF431CD8C}.Debug|Any CPU.ActiveCfg = Debug|Any CPU
		{906A645E-41D6-4E7D-B41E-047AF431CD8C}.Debug|Any CPU.Build.0 = Debug|Any CPU
		{906A645E-41D6-4E7D-B41E-047AF431CD8C}.Release|Any CPU.ActiveCfg = Release|Any CPU
		{906A645E-41D6-4E7D-B41E-047AF431CD8C}.Release|Any CPU.Build.0 = Release|Any CPU
		{FDFC1D36-14AA-426C-8A87-6EA339EA0978}.Debug|Any CPU.ActiveCfg = Debug|Any CPU
		{FDFC1D36-14AA-426C-8A87-6EA339EA0978}.Debug|Any CPU.Build.0 = Debug|Any CPU
		{FDFC1D36-14AA-426C-8A87-6EA339EA0978}.Release|Any CPU.ActiveCfg = Release|Any CPU
		{FDFC1D36-14AA-426C-8A87-6EA339EA0978}.Release|Any CPU.Build.0 = Release|Any CPU
		{D7993EE2-06AC-4C72-9967-101780C1C0A3}.Debug|Any CPU.ActiveCfg = Debug|Any CPU
		{D7993EE2-06AC-4C72-9967-101780C1C0A3}.Debug|Any CPU.Build.0 = Debug|Any CPU
		{D7993EE2-06AC-4C72-9967-101780C1C0A3}.Release|Any CPU.ActiveCfg = Release|Any CPU
		{D7993EE2-06AC-4C72-9967-101780C1C0A3}.Release|Any CPU.Build.0 = Release|Any CPU
		{EA1EF362-385F-4FBC-BD88-729417C15704}.Debug|Any CPU.ActiveCfg = Debug|Any CPU
		{EA1EF362-385F-4FBC-BD88-729417C15704}.Debug|Any CPU.Build.0 = Debug|Any CPU
		{EA1EF362-385F-4FBC-BD88-729417C15704}.Release|Any CPU.ActiveCfg = Release|Any CPU
		{EA1EF362-385F-4FBC-BD88-729417C15704}.Release|Any CPU.Build.0 = Release|Any CPU
		{B6F26D3F-7E9F-4FC8-A1BF-92BE21B9F96C}.Debug|Any CPU.ActiveCfg = Debug|Any CPU
		{B6F26D3F-7E9F-4FC8-A1BF-92BE21B9F96C}.Debug|Any CPU.Build.0 = Debug|Any CPU
		{B6F26D3F-7E9F-4FC8-A1BF-92BE21B9F96C}.Release|Any CPU.ActiveCfg = Release|Any CPU
		{B6F26D3F-7E9F-4FC8-A1BF-92BE21B9F96C}.Release|Any CPU.Build.0 = Release|Any CPU
		{BF274E2C-AC0B-4B8E-B98A-284793F540FA}.Debug|Any CPU.ActiveCfg = Debug|Any CPU
		{BF274E2C-AC0B-4B8E-B98A-284793F540FA}.Debug|Any CPU.Build.0 = Debug|Any CPU
		{BF274E2C-AC0B-4B8E-B98A-284793F540FA}.Release|Any CPU.ActiveCfg = Release|Any CPU
		{BF274E2C-AC0B-4B8E-B98A-284793F540FA}.Release|Any CPU.Build.0 = Release|Any CPU
		{D3291392-39FD-42BF-B374-230360D5031E}.Debug|Any CPU.ActiveCfg = Debug|Any CPU
		{D3291392-39FD-42BF-B374-230360D5031E}.Debug|Any CPU.Build.0 = Debug|Any CPU
		{D3291392-39FD-42BF-B374-230360D5031E}.Release|Any CPU.ActiveCfg = Release|Any CPU
		{D3291392-39FD-42BF-B374-230360D5031E}.Release|Any CPU.Build.0 = Release|Any CPU
		{09085747-46FA-4EF4-B7ED-88014D310141}.Debug|Any CPU.ActiveCfg = Debug|Any CPU
		{09085747-46FA-4EF4-B7ED-88014D310141}.Debug|Any CPU.Build.0 = Debug|Any CPU
		{09085747-46FA-4EF4-B7ED-88014D310141}.Release|Any CPU.ActiveCfg = Release|Any CPU
		{09085747-46FA-4EF4-B7ED-88014D310141}.Release|Any CPU.Build.0 = Release|Any CPU
		{9FAE7BF0-4D59-4F81-986C-6B79FA4DD8A8}.Debug|Any CPU.ActiveCfg = Debug|Any CPU
		{9FAE7BF0-4D59-4F81-986C-6B79FA4DD8A8}.Debug|Any CPU.Build.0 = Debug|Any CPU
		{9FAE7BF0-4D59-4F81-986C-6B79FA4DD8A8}.Release|Any CPU.ActiveCfg = Release|Any CPU
		{9FAE7BF0-4D59-4F81-986C-6B79FA4DD8A8}.Release|Any CPU.Build.0 = Release|Any CPU
		{184E9EA1-CA2D-4031-BC65-28B0E45BCBEB}.Debug|Any CPU.ActiveCfg = Debug|Any CPU
		{184E9EA1-CA2D-4031-BC65-28B0E45BCBEB}.Debug|Any CPU.Build.0 = Debug|Any CPU
		{184E9EA1-CA2D-4031-BC65-28B0E45BCBEB}.Release|Any CPU.ActiveCfg = Release|Any CPU
		{184E9EA1-CA2D-4031-BC65-28B0E45BCBEB}.Release|Any CPU.Build.0 = Release|Any CPU
		{4D4AC621-061C-489F-8961-5D7B98833A36}.Debug|Any CPU.ActiveCfg = Debug|Any CPU
		{4D4AC621-061C-489F-8961-5D7B98833A36}.Debug|Any CPU.Build.0 = Debug|Any CPU
		{4D4AC621-061C-489F-8961-5D7B98833A36}.Release|Any CPU.ActiveCfg = Release|Any CPU
		{4D4AC621-061C-489F-8961-5D7B98833A36}.Release|Any CPU.Build.0 = Release|Any CPU
		{7A8B4ECE-0CE6-4D75-80FC-E5B21D9D72B3}.Debug|Any CPU.ActiveCfg = Debug|Any CPU
		{7A8B4ECE-0CE6-4D75-80FC-E5B21D9D72B3}.Debug|Any CPU.Build.0 = Debug|Any CPU
		{7A8B4ECE-0CE6-4D75-80FC-E5B21D9D72B3}.Release|Any CPU.ActiveCfg = Release|Any CPU
		{7A8B4ECE-0CE6-4D75-80FC-E5B21D9D72B3}.Release|Any CPU.Build.0 = Release|Any CPU
		{B389003F-F2FA-429B-907D-93F47B3C283A}.Debug|Any CPU.ActiveCfg = Debug|Any CPU
		{B389003F-F2FA-429B-907D-93F47B3C283A}.Debug|Any CPU.Build.0 = Debug|Any CPU
		{B389003F-F2FA-429B-907D-93F47B3C283A}.Release|Any CPU.ActiveCfg = Release|Any CPU
		{B389003F-F2FA-429B-907D-93F47B3C283A}.Release|Any CPU.Build.0 = Release|Any CPU
		{0FC20452-5B30-4C6C-9708-7ACE2189F54D}.Debug|Any CPU.ActiveCfg = Debug|Any CPU
		{0FC20452-5B30-4C6C-9708-7ACE2189F54D}.Debug|Any CPU.Build.0 = Debug|Any CPU
		{0FC20452-5B30-4C6C-9708-7ACE2189F54D}.Release|Any CPU.ActiveCfg = Release|Any CPU
		{0FC20452-5B30-4C6C-9708-7ACE2189F54D}.Release|Any CPU.Build.0 = Release|Any CPU
		{D5CEA230-AC86-433C-B769-0EAFB40924FF}.Debug|Any CPU.ActiveCfg = Debug|Any CPU
		{D5CEA230-AC86-433C-B769-0EAFB40924FF}.Debug|Any CPU.Build.0 = Debug|Any CPU
		{D5CEA230-AC86-433C-B769-0EAFB40924FF}.Release|Any CPU.ActiveCfg = Release|Any CPU
		{D5CEA230-AC86-433C-B769-0EAFB40924FF}.Release|Any CPU.Build.0 = Release|Any CPU
		{084FED0D-3C85-43E9-ADA0-E88E5DB709DE}.Debug|Any CPU.ActiveCfg = Debug|Any CPU
		{084FED0D-3C85-43E9-ADA0-E88E5DB709DE}.Debug|Any CPU.Build.0 = Debug|Any CPU
		{084FED0D-3C85-43E9-ADA0-E88E5DB709DE}.Release|Any CPU.ActiveCfg = Release|Any CPU
		{084FED0D-3C85-43E9-ADA0-E88E5DB709DE}.Release|Any CPU.Build.0 = Release|Any CPU
		{5F2F87A5-F641-41A8-816D-F38F8D652945}.Debug|Any CPU.ActiveCfg = Debug|Any CPU
		{5F2F87A5-F641-41A8-816D-F38F8D652945}.Debug|Any CPU.Build.0 = Debug|Any CPU
		{5F2F87A5-F641-41A8-816D-F38F8D652945}.Release|Any CPU.ActiveCfg = Release|Any CPU
		{5F2F87A5-F641-41A8-816D-F38F8D652945}.Release|Any CPU.Build.0 = Release|Any CPU
		{AC1E1179-E2F9-4FD1-943F-049464447DF6}.Debug|Any CPU.ActiveCfg = Debug|Any CPU
		{AC1E1179-E2F9-4FD1-943F-049464447DF6}.Debug|Any CPU.Build.0 = Debug|Any CPU
		{AC1E1179-E2F9-4FD1-943F-049464447DF6}.Release|Any CPU.ActiveCfg = Release|Any CPU
		{AC1E1179-E2F9-4FD1-943F-049464447DF6}.Release|Any CPU.Build.0 = Release|Any CPU
		{9FD748A5-3868-4E13-A0F8-166341A134AA}.Debug|Any CPU.ActiveCfg = Debug|Any CPU
		{9FD748A5-3868-4E13-A0F8-166341A134AA}.Debug|Any CPU.Build.0 = Debug|Any CPU
		{9FD748A5-3868-4E13-A0F8-166341A134AA}.Release|Any CPU.ActiveCfg = Release|Any CPU
		{9FD748A5-3868-4E13-A0F8-166341A134AA}.Release|Any CPU.Build.0 = Release|Any CPU
		{AE367D19-0674-4BEA-83E1-5B7442C6E737}.Debug|Any CPU.ActiveCfg = Debug|Any CPU
		{AE367D19-0674-4BEA-83E1-5B7442C6E737}.Debug|Any CPU.Build.0 = Debug|Any CPU
		{AE367D19-0674-4BEA-83E1-5B7442C6E737}.Release|Any CPU.ActiveCfg = Release|Any CPU
		{AE367D19-0674-4BEA-83E1-5B7442C6E737}.Release|Any CPU.Build.0 = Release|Any CPU
		{3C10F4CD-8A31-41AC-B344-EF04A7EC1E59}.Debug|Any CPU.ActiveCfg = Debug|Any CPU
		{3C10F4CD-8A31-41AC-B344-EF04A7EC1E59}.Debug|Any CPU.Build.0 = Debug|Any CPU
		{3C10F4CD-8A31-41AC-B344-EF04A7EC1E59}.Release|Any CPU.ActiveCfg = Release|Any CPU
		{3C10F4CD-8A31-41AC-B344-EF04A7EC1E59}.Release|Any CPU.Build.0 = Release|Any CPU
		{82028D7E-1355-4AED-AB86-8E520C3D5637}.Debug|Any CPU.ActiveCfg = Debug|Any CPU
		{82028D7E-1355-4AED-AB86-8E520C3D5637}.Debug|Any CPU.Build.0 = Debug|Any CPU
		{82028D7E-1355-4AED-AB86-8E520C3D5637}.Release|Any CPU.ActiveCfg = Release|Any CPU
		{82028D7E-1355-4AED-AB86-8E520C3D5637}.Release|Any CPU.Build.0 = Release|Any CPU
		{21EFBE67-AF2B-4ACB-91CF-70235598F43E}.Debug|Any CPU.ActiveCfg = Debug|Any CPU
		{21EFBE67-AF2B-4ACB-91CF-70235598F43E}.Debug|Any CPU.Build.0 = Debug|Any CPU
		{21EFBE67-AF2B-4ACB-91CF-70235598F43E}.Release|Any CPU.ActiveCfg = Release|Any CPU
		{21EFBE67-AF2B-4ACB-91CF-70235598F43E}.Release|Any CPU.Build.0 = Release|Any CPU
		{076BE9AE-911C-477E-A0D3-9C0DC2E7B7D5}.Debug|Any CPU.ActiveCfg = Debug|Any CPU
		{076BE9AE-911C-477E-A0D3-9C0DC2E7B7D5}.Debug|Any CPU.Build.0 = Debug|Any CPU
		{076BE9AE-911C-477E-A0D3-9C0DC2E7B7D5}.Release|Any CPU.ActiveCfg = Release|Any CPU
		{076BE9AE-911C-477E-A0D3-9C0DC2E7B7D5}.Release|Any CPU.Build.0 = Release|Any CPU
		{B2C017DD-1357-4602-890C-69DF4903BAB3}.Debug|Any CPU.ActiveCfg = Debug|Any CPU
		{B2C017DD-1357-4602-890C-69DF4903BAB3}.Debug|Any CPU.Build.0 = Debug|Any CPU
		{B2C017DD-1357-4602-890C-69DF4903BAB3}.Release|Any CPU.ActiveCfg = Release|Any CPU
		{B2C017DD-1357-4602-890C-69DF4903BAB3}.Release|Any CPU.Build.0 = Release|Any CPU
		{56D85175-BF53-4744-B39C-66D6F2D86C85}.Debug|Any CPU.ActiveCfg = Debug|Any CPU
		{56D85175-BF53-4744-B39C-66D6F2D86C85}.Debug|Any CPU.Build.0 = Debug|Any CPU
		{56D85175-BF53-4744-B39C-66D6F2D86C85}.Release|Any CPU.ActiveCfg = Release|Any CPU
		{56D85175-BF53-4744-B39C-66D6F2D86C85}.Release|Any CPU.Build.0 = Release|Any CPU
		{B04817EA-8416-4A03-A396-52919FEBEC0B}.Debug|Any CPU.ActiveCfg = Debug|Any CPU
		{B04817EA-8416-4A03-A396-52919FEBEC0B}.Debug|Any CPU.Build.0 = Debug|Any CPU
		{B04817EA-8416-4A03-A396-52919FEBEC0B}.Release|Any CPU.ActiveCfg = Release|Any CPU
		{B04817EA-8416-4A03-A396-52919FEBEC0B}.Release|Any CPU.Build.0 = Release|Any CPU
		{74096BA4-2B0E-424F-A69A-480BF96C0EAF}.Debug|Any CPU.ActiveCfg = Debug|Any CPU
		{74096BA4-2B0E-424F-A69A-480BF96C0EAF}.Debug|Any CPU.Build.0 = Debug|Any CPU
		{74096BA4-2B0E-424F-A69A-480BF96C0EAF}.Release|Any CPU.ActiveCfg = Release|Any CPU
		{74096BA4-2B0E-424F-A69A-480BF96C0EAF}.Release|Any CPU.Build.0 = Release|Any CPU
		{C8DD95B1-68C6-46CA-BF26-92611044FBE4}.Debug|Any CPU.ActiveCfg = Debug|Any CPU
		{C8DD95B1-68C6-46CA-BF26-92611044FBE4}.Debug|Any CPU.Build.0 = Debug|Any CPU
		{C8DD95B1-68C6-46CA-BF26-92611044FBE4}.Release|Any CPU.ActiveCfg = Release|Any CPU
		{C8DD95B1-68C6-46CA-BF26-92611044FBE4}.Release|Any CPU.Build.0 = Release|Any CPU
		{32821657-2559-4208-BBC2-707B2544776F}.Debug|Any CPU.ActiveCfg = Debug|Any CPU
		{32821657-2559-4208-BBC2-707B2544776F}.Debug|Any CPU.Build.0 = Debug|Any CPU
		{32821657-2559-4208-BBC2-707B2544776F}.Release|Any CPU.ActiveCfg = Release|Any CPU
		{32821657-2559-4208-BBC2-707B2544776F}.Release|Any CPU.Build.0 = Release|Any CPU
		{5933B8E7-F0FE-4596-B238-0851D3781089}.Debug|Any CPU.ActiveCfg = Debug|Any CPU
		{5933B8E7-F0FE-4596-B238-0851D3781089}.Debug|Any CPU.Build.0 = Debug|Any CPU
		{5933B8E7-F0FE-4596-B238-0851D3781089}.Release|Any CPU.ActiveCfg = Release|Any CPU
		{5933B8E7-F0FE-4596-B238-0851D3781089}.Release|Any CPU.Build.0 = Release|Any CPU
		{A1EC6668-3251-4BB8-8FA9-EF3CB913A7A4}.Debug|Any CPU.ActiveCfg = Debug|Any CPU
		{A1EC6668-3251-4BB8-8FA9-EF3CB913A7A4}.Debug|Any CPU.Build.0 = Debug|Any CPU
		{A1EC6668-3251-4BB8-8FA9-EF3CB913A7A4}.Release|Any CPU.ActiveCfg = Release|Any CPU
		{A1EC6668-3251-4BB8-8FA9-EF3CB913A7A4}.Release|Any CPU.Build.0 = Release|Any CPU
		{93765FDB-7FA2-4FAE-BEA4-A9560A6E522F}.Debug|Any CPU.ActiveCfg = Debug|Any CPU
		{93765FDB-7FA2-4FAE-BEA4-A9560A6E522F}.Debug|Any CPU.Build.0 = Debug|Any CPU
		{93765FDB-7FA2-4FAE-BEA4-A9560A6E522F}.Release|Any CPU.ActiveCfg = Release|Any CPU
		{93765FDB-7FA2-4FAE-BEA4-A9560A6E522F}.Release|Any CPU.Build.0 = Release|Any CPU
		{93CEBB38-132B-4CEF-9CCC-ADFBB923B0D2}.Debug|Any CPU.ActiveCfg = Debug|Any CPU
		{93CEBB38-132B-4CEF-9CCC-ADFBB923B0D2}.Debug|Any CPU.Build.0 = Debug|Any CPU
		{93CEBB38-132B-4CEF-9CCC-ADFBB923B0D2}.Release|Any CPU.ActiveCfg = Release|Any CPU
		{93CEBB38-132B-4CEF-9CCC-ADFBB923B0D2}.Release|Any CPU.Build.0 = Release|Any CPU
		{C0E06065-7A4A-406B-B4FF-FDE9F6E2C80E}.Debug|Any CPU.ActiveCfg = Debug|Any CPU
		{C0E06065-7A4A-406B-B4FF-FDE9F6E2C80E}.Debug|Any CPU.Build.0 = Debug|Any CPU
		{C0E06065-7A4A-406B-B4FF-FDE9F6E2C80E}.Release|Any CPU.ActiveCfg = Release|Any CPU
		{C0E06065-7A4A-406B-B4FF-FDE9F6E2C80E}.Release|Any CPU.Build.0 = Release|Any CPU
		{EB1E1EAF-3F72-42D9-AA6F-5C5E11E448D3}.Debug|Any CPU.ActiveCfg = Debug|Any CPU
		{EB1E1EAF-3F72-42D9-AA6F-5C5E11E448D3}.Debug|Any CPU.Build.0 = Debug|Any CPU
		{EB1E1EAF-3F72-42D9-AA6F-5C5E11E448D3}.Release|Any CPU.ActiveCfg = Release|Any CPU
		{EB1E1EAF-3F72-42D9-AA6F-5C5E11E448D3}.Release|Any CPU.Build.0 = Release|Any CPU
	EndGlobalSection
	GlobalSection(SolutionProperties) = preSolution
		HideSolutionNode = FALSE
	EndGlobalSection
	GlobalSection(ExtensibilityGlobals) = postSolution
		SolutionGuid = {BA2ED609-3ED8-4818-A81D-4C948952A3C2}
	EndGlobalSection
EndGlobal
