
Microsoft Visual Studio Solution File, Format Version 12.00
# Visual Studio Version 16
VisualStudioVersion = 16.0.28922.388
MinimumVisualStudioVersion = 10.0.40219.1
Project("{FAE04EC0-301F-11D3-BF4B-00C04F79EFBC}") = "A1014", "Project Test One\A1014.csproj", "{A38E279F-F32F-4B4A-9564-C69B13376F9A}"
EndProject
Project("{FAE04EC0-301F-11D3-BF4B-00C04F79EFBC}") = "A1003", "A1003\A1003.csproj", "{3D3CD5E0-FCC7-4F26-9247-EA6EDA20959B}"
EndProject
Project("{FAE04EC0-301F-11D3-BF4B-00C04F79EFBC}") = "A1004", "A1004\A1004.csproj", "{2DEA43A2-C812-4CB9-8E62-2F5614891A83}"
EndProject
Project("{FAE04EC0-301F-11D3-BF4B-00C04F79EFBC}") = "A1005", "A1005\A1005.csproj", "{11C0E1D1-4383-49E7-BB8E-89C8D492D923}"
EndProject
Project("{FAE04EC0-301F-11D3-BF4B-00C04F79EFBC}") = "A1006", "A1006\A1006.csproj", "{5A212121-F109-4A4C-B69E-848BAEF7C6D7}"
EndProject
Project("{FAE04EC0-301F-11D3-BF4B-00C04F79EFBC}") = "A1007", "A1007\A1007.csproj", "{9853FF7B-BCBA-464B-ACBF-0AB6CFF7A721}"
EndProject
Project("{FAE04EC0-301F-11D3-BF4B-00C04F79EFBC}") = "A1008", "A1008\A1008.csproj", "{29C02E0E-1008-4281-875B-0B0765CB896A}"
EndProject
Project("{FAE04EC0-301F-11D3-BF4B-00C04F79EFBC}") = "A1010", "A1010\A1010.csproj", "{02AD48A3-667E-4D0D-820F-D21C96FD528E}"
EndProject
Project("{FAE04EC0-301F-11D3-BF4B-00C04F79EFBC}") = "A1016", "A1016\A1016.csproj", "{82B955FE-4B3E-4D37-886A-72957EFE301C}"
EndProject
Project("{FAE04EC0-301F-11D3-BF4B-00C04F79EFBC}") = "A1017", "A1017\A1017.csproj", "{6205591A-A042-4B9F-93C6-3FAB0CB685D8}"
EndProject
Project("{FAE04EC0-301F-11D3-BF4B-00C04F79EFBC}") = "A1009", "A1009\A1009.csproj", "{B701031B-710E-4749-83B9-29D190B52DE5}"
EndProject
Project("{FAE04EC0-301F-11D3-BF4B-00C04F79EFBC}") = "A1011", "A1011\A1011.csproj", "{0DF26522-3567-4765-B52E-7CEF764B5FB0}"
EndProject
Project("{FAE04EC0-301F-11D3-BF4B-00C04F79EFBC}") = "A1012", "A1012\A1012.csproj", "{EF690AAF-A6A7-4F8C-BE83-3862FC714495}"
EndProject
Project("{FAE04EC0-301F-11D3-BF4B-00C04F79EFBC}") = "A1013", "A1013\A1013.csproj", "{7131CDF2-1A9D-4165-AC3A-0E5A96BAADAA}"
EndProject
Project("{FAE04EC0-301F-11D3-BF4B-00C04F79EFBC}") = "A1015", "A1015\A1015.csproj", "{4564C5DD-7A2B-4867-B76C-34B77A7A1E12}"
EndProject
Project("{FAE04EC0-301F-11D3-BF4B-00C04F79EFBC}") = "A1018", "A1018\A1018.csproj", "{DFE613E1-F34E-40C3-A75D-AF8C4F1A3753}"
EndProject
Project("{FAE04EC0-301F-11D3-BF4B-00C04F79EFBC}") = "A1019", "A1019\A1019.csproj", "{C0BF4F11-06F9-4E69-BF1B-5EA3834C03FE}"
EndProject
Project("{FAE04EC0-301F-11D3-BF4B-00C04F79EFBC}") = "A1020", "A1020\A1020.csproj", "{7AA20918-BDE2-49DC-A281-E0E193AAC366}"
EndProject
Project("{FAE04EC0-301F-11D3-BF4B-00C04F79EFBC}") = "A1021", "A1021\A1021.csproj", "{675C3C5C-97CD-4597-9F0F-B3A236C7C9DE}"
EndProject
Project("{FAE04EC0-301F-11D3-BF4B-00C04F79EFBC}") = "A1061", "A1061\A1061.csproj", "{BD7517FA-4CBB-4D9C-A6D9-BF23B59B5E9E}"
EndProject
Project("{FAE04EC0-301F-11D3-BF4B-00C04F79EFBC}") = "RA032", "RA032\RA032.csproj", "{27E5319E-E6EF-45C1-AD6C-C6314661B23C}"
EndProject
Project("{FAE04EC0-301F-11D3-BF4B-00C04F79EFBC}") = "A1036", "A1036\A1036.csproj", "{E524D5C6-D6A1-4A9F-B266-C1319438333D}"
EndProject
Project("{FAE04EC0-301F-11D3-BF4B-00C04F79EFBC}") = "RA034", "RA034\RA034.csproj", "{78589CB2-5DC4-4AE7-B143-D6AB61E2F082}"
EndProject
Project("{FAE04EC0-301F-11D3-BF4B-00C04F79EFBC}") = "A1035", "A1035\A1035.csproj", "{26C1D760-0A01-44F8-B419-26DBBCB866EF}"
EndProject
Project("{FAE04EC0-301F-11D3-BF4B-00C04F79EFBC}") = "A1038", "A1038\A1038.csproj", "{E7D7E310-D23F-4094-9DEC-F78E9AF4B280}"
EndProject
Project("{FAE04EC0-301F-11D3-BF4B-00C04F79EFBC}") = "A1044", "A1044\A1044.csproj", "{9964A0E1-1853-49D6-B8BB-5A5708EA65D2}"
EndProject
Project("{FAE04EC0-301F-11D3-BF4B-00C04F79EFBC}") = "A1046", "A1046\A1046.csproj", "{61E6AECE-28C8-49A5-805F-1C3C19C16D7A}"
EndProject
Project("{FAE04EC0-301F-11D3-BF4B-00C04F79EFBC}") = "A1048", "A1048\A1048.csproj", "{21C02334-696C-454F-9BC3-5B996C33DE37}"
EndProject
Project("{FAE04EC0-301F-11D3-BF4B-00C04F79EFBC}") = "A1037", "A1037\A1037.csproj", "{98554B53-9ED1-438C-9EFA-473118A68520}"
EndProject
Project("{FAE04EC0-301F-11D3-BF4B-00C04F79EFBC}") = "A1040", "A1040\A1040.csproj", "{E1F7696B-1666-4339-AD69-5AA4D8DD2625}"
EndProject
Project("{FAE04EC0-301F-11D3-BF4B-00C04F79EFBC}") = "A1041", "A1041\A1041.csproj", "{84B47F24-99F4-4324-A690-DD6F0ED8F61C}"
EndProject
Project("{FAE04EC0-301F-11D3-BF4B-00C04F79EFBC}") = "A1045", "A1045\A1045.csproj", "{C690C526-6ECC-44F3-A94B-535CBB38D711}"
EndProject
Project("{FAE04EC0-301F-11D3-BF4B-00C04F79EFBC}") = "A1047", "A1047\A1047.csproj", "{E5800333-27F9-407C-AC7A-CC8F0E5CE2AC}"
EndProject
Project("{FAE04EC0-301F-11D3-BF4B-00C04F79EFBC}") = "A1001", "A1001\A1001.csproj", "{E8D557CB-1CCD-4987-AFF4-04FD5E54EB9D}"
EndProject
Project("{FAE04EC0-301F-11D3-BF4B-00C04F79EFBC}") = "A1002", "A1002\A1002.csproj", "{3F5D5BB2-B9C1-44FA-8ED7-55A4DEAC9B1C}"
EndProject
Project("{FAE04EC0-301F-11D3-BF4B-00C04F79EFBC}") = "A1042", "A1042\A1042.csproj", "{EF6928F3-A313-41F7-9CCF-0F667F5327B6}"
EndProject
Project("{FAE04EC0-301F-11D3-BF4B-00C04F79EFBC}") = "A1049", "A1049\A1049.csproj", "{DBCB7C47-4CBE-47A8-ABD2-C438EC3F8034}"
EndProject
Project("{FAE04EC0-301F-11D3-BF4B-00C04F79EFBC}") = "A1051", "A1051\A1051.csproj", "{3D670527-BEE2-4EF2-AF2A-03E48FCBDDF2}"
EndProject
Project("{FAE04EC0-301F-11D3-BF4B-00C04F79EFBC}") = "A1043", "A1043\A1043.csproj", "{77F66F3E-59C9-4299-917B-845C4AAF4722}"
EndProject
Project("{FAE04EC0-301F-11D3-BF4B-00C04F79EFBC}") = "A1050", "A1050\A1050.csproj", "{1145B60D-64D6-4510-A2F1-19E3C0E5B57A}"
EndProject
Project("{FAE04EC0-301F-11D3-BF4B-00C04F79EFBC}") = "A1052", "A1052\A1052.csproj", "{4BB19839-EF1C-4B13-8B03-D5AD7F1219DC}"
EndProject
Project("{FAE04EC0-301F-11D3-BF4B-00C04F79EFBC}") = "A1060", "A1060\A1060.csproj", "{94855A5A-6397-4174-ACB4-D33530DF71D7}"
EndProject
Project("{FAE04EC0-301F-11D3-BF4B-00C04F79EFBC}") = "A1064", "A1064\A1064.csproj", "{A78B5AFC-BEB0-4C0C-9796-AFDDAECD9FC2}"
EndProject
Project("{FAE04EC0-301F-11D3-BF4B-00C04F79EFBC}") = "A1065", "A1065\A1065.csproj", "{7413094D-D2ED-4F6F-908D-676B16AD4BCA}"
EndProject
Project("{FAE04EC0-301F-11D3-BF4B-00C04F79EFBC}") = "A1066", "A1066\A1066.csproj", "{53ED1D38-A073-488D-A7C4-B81368A8C1C2}"
EndProject
Project("{FAE04EC0-301F-11D3-BF4B-00C04F79EFBC}") = "A1070", "A1070\A1070.csproj", "{AF47101A-524A-4516-9E19-CEE0D1E857BD}"
EndProject
Project("{FAE04EC0-301F-11D3-BF4B-00C04F79EFBC}") = "Z0001", "Z0001\Z0001.csproj", "{DC0C6F68-4788-4444-9E5A-D889C697C7B4}"
EndProject
Project("{FAE04EC0-301F-11D3-BF4B-00C04F79EFBC}") = "A1113", "A1113\A1113.csproj", "{53124B0D-D834-47CA-A58A-385C05123A31}"
EndProject
Project("{FAE04EC0-301F-11D3-BF4B-00C04F79EFBC}") = "Z0002", "Z0002\Z0002.csproj", "{6DAC5280-DA71-43DA-8CCB-D4535631475B}"
EndProject
Project("{FAE04EC0-301F-11D3-BF4B-00C04F79EFBC}") = "A1114", "A1114\A1114.csproj", "{ECDA2561-D61B-4414-B807-BFDE82C54D04}"
EndProject
Project("{FAE04EC0-301F-11D3-BF4B-00C04F79EFBC}") = "A1115", "A1115\A1115.csproj", "{003F879B-E891-42A3-909F-3552CB28197D}"
EndProject
Project("{FAE04EC0-301F-11D3-BF4B-00C04F79EFBC}") = "A1117", "A1117\A1117.csproj", "{C2312E88-DCD3-44D3-9E25-B5E0762C433D}"
EndProject
Project("{FAE04EC0-301F-11D3-BF4B-00C04F79EFBC}") = "A1134", "A1134\A1134.csproj", "{24D21655-D3CC-4053-AE59-E738C5F9EF5A}"
EndProject
Project("{FAE04EC0-301F-11D3-BF4B-00C04F79EFBC}") = "A1154", "A1154\A1154.csproj", "{A20997C6-F919-4766-8E5F-3268331073AF}"
EndProject
Project("{FAE04EC0-301F-11D3-BF4B-00C04F79EFBC}") = "A1159", "A1159\A1159.csproj", "{50E49608-064C-4A61-BA03-28A5199AE846}"
EndProject
Project("{FAE04EC0-301F-11D3-BF4B-00C04F79EFBC}") = "A1118", "A1118\A1118.csproj", "{7CCF9B6E-304F-430E-A226-E88FCD1B8A15}"
EndProject
Project("{FAE04EC0-301F-11D3-BF4B-00C04F79EFBC}") = "A1131", "A1131\A1131.csproj", "{1CC8094D-F16C-4970-850A-EB1D6A16671E}"
EndProject
Project("{FAE04EC0-301F-11D3-BF4B-00C04F79EFBC}") = "Z0003", "Z0003\Z0003.csproj", "{83896C05-4EB8-4FC5-B81C-2DFEBC7E2E33}"
EndProject
Project("{FAE04EC0-301F-11D3-BF4B-00C04F79EFBC}") = "A1078", "A1078\A1078.csproj", "{D2528146-B9FF-4936-8DC2-794B3D5F4C4E}"
EndProject
Project("{FAE04EC0-301F-11D3-BF4B-00C04F79EFBC}") = "A1071", "A1071\A1071.csproj", "{4453E86C-DD3A-44F6-B2DE-9B3624EB1C93}"
EndProject
Project("{FAE04EC0-301F-11D3-BF4B-00C04F79EFBC}") = "A1067", "A1067\A1067.csproj", "{134FC8AE-D6AA-40BA-9DEF-C5D10FE7F632}"
EndProject
Project("{FAE04EC0-301F-11D3-BF4B-00C04F79EFBC}") = "A1072", "A1072\A1072.csproj", "{77AA85B2-EA3C-40A6-9384-63E3BF38E3E7}"
EndProject
Project("{FAE04EC0-301F-11D3-BF4B-00C04F79EFBC}") = "A1073", "A1073\A1073.csproj", "{2A2DFD0B-4231-43B2-9022-B57C718797A9}"
EndProject
Project("{FAE04EC0-301F-11D3-BF4B-00C04F79EFBC}") = "A1074", "A1074\A1074.csproj", "{8F669A56-822F-4437-9628-40A4D3B88456}"
EndProject
Project("{FAE04EC0-301F-11D3-BF4B-00C04F79EFBC}") = "A1075", "A1075\A1075.csproj", "{2038723E-285F-48EE-B80E-F0F431302C29}"
EndProject
Project("{FAE04EC0-301F-11D3-BF4B-00C04F79EFBC}") = "A1079", "A1079\A1079.csproj", "{4F9AD327-51F0-4396-A49E-D31D4DF2EDA9}"
EndProject
Project("{FAE04EC0-301F-11D3-BF4B-00C04F79EFBC}") = "A1080", "A1080\A1080.csproj", "{5043D199-F882-43F7-BDC1-BA1017CFA6BF}"
EndProject
Project("{FAE04EC0-301F-11D3-BF4B-00C04F79EFBC}") = "A1094", "A1094\A1094.csproj", "{F2E172C3-6963-42E9-8F42-55488797CC8F}"
EndProject
Project("{FAE04EC0-301F-11D3-BF4B-00C04F79EFBC}") = "A1095", "A1095\A1095.csproj", "{2795C0FB-1294-41D1-B6D4-C236FCCA3D9B}"
EndProject
Project("{FAE04EC0-301F-11D3-BF4B-00C04F79EFBC}") = "A1096", "A1096\A1096.csproj", "{40017AE5-E5C1-40D0-9FF8-B4A6DCF4E8D3}"
EndProject
Project("{FAE04EC0-301F-11D3-BF4B-00C04F79EFBC}") = "A1097", "A1097\A1097.csproj", "{2FDF49AD-0115-4D79-8C27-ABDED84A7608}"
EndProject
Project("{FAE04EC0-301F-11D3-BF4B-00C04F79EFBC}") = "A1116", "A1116\A1116.csproj", "{22AEB66A-A32A-4597-A7AA-F5C5BCCAAE94}"
EndProject
Project("{FAE04EC0-301F-11D3-BF4B-00C04F79EFBC}") = "A1132", "A1132\A1132.csproj", "{FF0A4B41-20C3-4EE0-900C-0BEFECABA595}"
EndProject
Project("{FAE04EC0-301F-11D3-BF4B-00C04F79EFBC}") = "A1133", "A1133\A1133.csproj", "{CC7404AF-0F92-4D95-9587-3F72E1ECE8A7}"
EndProject
Project("{FAE04EC0-301F-11D3-BF4B-00C04F79EFBC}") = "A1142", "A1142\A1142.csproj", "{0A76487F-7366-40BF-96C1-E184AFEB2D7D}"
EndProject
Project("{FAE04EC0-301F-11D3-BF4B-00C04F79EFBC}") = "A1143", "A1143\A1143.csproj", "{20AA59E1-768A-476C-8A7D-97C0BA23D35B}"
EndProject
Project("{FAE04EC0-301F-11D3-BF4B-00C04F79EFBC}") = "A1144", "A1144\A1144.csproj", "{10A5332B-24DA-4391-91AB-5C53765897CE}"
EndProject
Project("{FAE04EC0-301F-11D3-BF4B-00C04F79EFBC}") = "A1151", "A1151\A1151.csproj", "{7A6866D4-C85F-4F63-93F5-FBBB4ECC8818}"
EndProject
Project("{FAE04EC0-301F-11D3-BF4B-00C04F79EFBC}") = "A1153", "A1153\A1153.csproj", "{B2FE7F06-ACDA-4831-AF20-017D023F3427}"
EndProject
Project("{FAE04EC0-301F-11D3-BF4B-00C04F79EFBC}") = "A1155", "A1155\A1155.csproj", "{BCAD2704-4DCF-4E68-9007-CE4CA9FA765B}"
EndProject
Project("{FAE04EC0-301F-11D3-BF4B-00C04F79EFBC}") = "AZ0004", "AZ0004\AZ0004.csproj", "{E584EAE4-ADAD-4A83-B876-BBAE2F261B80}"
EndProject
Project("{FAE04EC0-301F-11D3-BF4B-00C04F79EFBC}") = "Z0005", "Z0005\Z0005.csproj", "{495B0CDD-4A40-4E5F-93C0-B72AF3F9FE3A}"
EndProject
Global
	GlobalSection(SolutionConfigurationPlatforms) = preSolution
		Debug|Any CPU = Debug|Any CPU
		Release|Any CPU = Release|Any CPU
	EndGlobalSection
	GlobalSection(ProjectConfigurationPlatforms) = postSolution
		{A38E279F-F32F-4B4A-9564-C69B13376F9A}.Debug|Any CPU.ActiveCfg = Debug|Any CPU
		{A38E279F-F32F-4B4A-9564-C69B13376F9A}.Debug|Any CPU.Build.0 = Debug|Any CPU
		{A38E279F-F32F-4B4A-9564-C69B13376F9A}.Release|Any CPU.ActiveCfg = Release|Any CPU
		{A38E279F-F32F-4B4A-9564-C69B13376F9A}.Release|Any CPU.Build.0 = Release|Any CPU
		{3D3CD5E0-FCC7-4F26-9247-EA6EDA20959B}.Debug|Any CPU.ActiveCfg = Debug|Any CPU
		{3D3CD5E0-FCC7-4F26-9247-EA6EDA20959B}.Debug|Any CPU.Build.0 = Debug|Any CPU
		{3D3CD5E0-FCC7-4F26-9247-EA6EDA20959B}.Release|Any CPU.ActiveCfg = Release|Any CPU
		{3D3CD5E0-FCC7-4F26-9247-EA6EDA20959B}.Release|Any CPU.Build.0 = Release|Any CPU
		{2DEA43A2-C812-4CB9-8E62-2F5614891A83}.Debug|Any CPU.ActiveCfg = Debug|Any CPU
		{2DEA43A2-C812-4CB9-8E62-2F5614891A83}.Debug|Any CPU.Build.0 = Debug|Any CPU
		{2DEA43A2-C812-4CB9-8E62-2F5614891A83}.Release|Any CPU.ActiveCfg = Release|Any CPU
		{2DEA43A2-C812-4CB9-8E62-2F5614891A83}.Release|Any CPU.Build.0 = Release|Any CPU
		{11C0E1D1-4383-49E7-BB8E-89C8D492D923}.Debug|Any CPU.ActiveCfg = Debug|Any CPU
		{11C0E1D1-4383-49E7-BB8E-89C8D492D923}.Debug|Any CPU.Build.0 = Debug|Any CPU
		{11C0E1D1-4383-49E7-BB8E-89C8D492D923}.Release|Any CPU.ActiveCfg = Release|Any CPU
		{11C0E1D1-4383-49E7-BB8E-89C8D492D923}.Release|Any CPU.Build.0 = Release|Any CPU
		{5A212121-F109-4A4C-B69E-848BAEF7C6D7}.Debug|Any CPU.ActiveCfg = Debug|Any CPU
		{5A212121-F109-4A4C-B69E-848BAEF7C6D7}.Debug|Any CPU.Build.0 = Debug|Any CPU
		{5A212121-F109-4A4C-B69E-848BAEF7C6D7}.Release|Any CPU.ActiveCfg = Release|Any CPU
		{5A212121-F109-4A4C-B69E-848BAEF7C6D7}.Release|Any CPU.Build.0 = Release|Any CPU
		{9853FF7B-BCBA-464B-ACBF-0AB6CFF7A721}.Debug|Any CPU.ActiveCfg = Debug|Any CPU
		{9853FF7B-BCBA-464B-ACBF-0AB6CFF7A721}.Debug|Any CPU.Build.0 = Debug|Any CPU
		{9853FF7B-BCBA-464B-ACBF-0AB6CFF7A721}.Release|Any CPU.ActiveCfg = Release|Any CPU
		{9853FF7B-BCBA-464B-ACBF-0AB6CFF7A721}.Release|Any CPU.Build.0 = Release|Any CPU
		{29C02E0E-1008-4281-875B-0B0765CB896A}.Debug|Any CPU.ActiveCfg = Debug|Any CPU
		{29C02E0E-1008-4281-875B-0B0765CB896A}.Debug|Any CPU.Build.0 = Debug|Any CPU
		{29C02E0E-1008-4281-875B-0B0765CB896A}.Release|Any CPU.ActiveCfg = Release|Any CPU
		{29C02E0E-1008-4281-875B-0B0765CB896A}.Release|Any CPU.Build.0 = Release|Any CPU
		{02AD48A3-667E-4D0D-820F-D21C96FD528E}.Debug|Any CPU.ActiveCfg = Debug|Any CPU
		{02AD48A3-667E-4D0D-820F-D21C96FD528E}.Debug|Any CPU.Build.0 = Debug|Any CPU
		{02AD48A3-667E-4D0D-820F-D21C96FD528E}.Release|Any CPU.ActiveCfg = Release|Any CPU
		{02AD48A3-667E-4D0D-820F-D21C96FD528E}.Release|Any CPU.Build.0 = Release|Any CPU
		{82B955FE-4B3E-4D37-886A-72957EFE301C}.Debug|Any CPU.ActiveCfg = Debug|Any CPU
		{82B955FE-4B3E-4D37-886A-72957EFE301C}.Debug|Any CPU.Build.0 = Debug|Any CPU
		{82B955FE-4B3E-4D37-886A-72957EFE301C}.Release|Any CPU.ActiveCfg = Release|Any CPU
		{82B955FE-4B3E-4D37-886A-72957EFE301C}.Release|Any CPU.Build.0 = Release|Any CPU
		{6205591A-A042-4B9F-93C6-3FAB0CB685D8}.Debug|Any CPU.ActiveCfg = Debug|Any CPU
		{6205591A-A042-4B9F-93C6-3FAB0CB685D8}.Debug|Any CPU.Build.0 = Debug|Any CPU
		{6205591A-A042-4B9F-93C6-3FAB0CB685D8}.Release|Any CPU.ActiveCfg = Release|Any CPU
		{6205591A-A042-4B9F-93C6-3FAB0CB685D8}.Release|Any CPU.Build.0 = Release|Any CPU
		{B701031B-710E-4749-83B9-29D190B52DE5}.Debug|Any CPU.ActiveCfg = Debug|Any CPU
		{B701031B-710E-4749-83B9-29D190B52DE5}.Debug|Any CPU.Build.0 = Debug|Any CPU
		{B701031B-710E-4749-83B9-29D190B52DE5}.Release|Any CPU.ActiveCfg = Release|Any CPU
		{B701031B-710E-4749-83B9-29D190B52DE5}.Release|Any CPU.Build.0 = Release|Any CPU
		{0DF26522-3567-4765-B52E-7CEF764B5FB0}.Debug|Any CPU.ActiveCfg = Debug|Any CPU
		{0DF26522-3567-4765-B52E-7CEF764B5FB0}.Debug|Any CPU.Build.0 = Debug|Any CPU
		{0DF26522-3567-4765-B52E-7CEF764B5FB0}.Release|Any CPU.ActiveCfg = Release|Any CPU
		{0DF26522-3567-4765-B52E-7CEF764B5FB0}.Release|Any CPU.Build.0 = Release|Any CPU
		{EF690AAF-A6A7-4F8C-BE83-3862FC714495}.Debug|Any CPU.ActiveCfg = Debug|Any CPU
		{EF690AAF-A6A7-4F8C-BE83-3862FC714495}.Debug|Any CPU.Build.0 = Debug|Any CPU
		{EF690AAF-A6A7-4F8C-BE83-3862FC714495}.Release|Any CPU.ActiveCfg = Release|Any CPU
		{EF690AAF-A6A7-4F8C-BE83-3862FC714495}.Release|Any CPU.Build.0 = Release|Any CPU
		{7131CDF2-1A9D-4165-AC3A-0E5A96BAADAA}.Debug|Any CPU.ActiveCfg = Debug|Any CPU
		{7131CDF2-1A9D-4165-AC3A-0E5A96BAADAA}.Debug|Any CPU.Build.0 = Debug|Any CPU
		{7131CDF2-1A9D-4165-AC3A-0E5A96BAADAA}.Release|Any CPU.ActiveCfg = Release|Any CPU
		{7131CDF2-1A9D-4165-AC3A-0E5A96BAADAA}.Release|Any CPU.Build.0 = Release|Any CPU
		{4564C5DD-7A2B-4867-B76C-34B77A7A1E12}.Debug|Any CPU.ActiveCfg = Debug|Any CPU
		{4564C5DD-7A2B-4867-B76C-34B77A7A1E12}.Debug|Any CPU.Build.0 = Debug|Any CPU
		{4564C5DD-7A2B-4867-B76C-34B77A7A1E12}.Release|Any CPU.ActiveCfg = Release|Any CPU
		{4564C5DD-7A2B-4867-B76C-34B77A7A1E12}.Release|Any CPU.Build.0 = Release|Any CPU
		{DFE613E1-F34E-40C3-A75D-AF8C4F1A3753}.Debug|Any CPU.ActiveCfg = Debug|Any CPU
		{DFE613E1-F34E-40C3-A75D-AF8C4F1A3753}.Debug|Any CPU.Build.0 = Debug|Any CPU
		{DFE613E1-F34E-40C3-A75D-AF8C4F1A3753}.Release|Any CPU.ActiveCfg = Release|Any CPU
		{DFE613E1-F34E-40C3-A75D-AF8C4F1A3753}.Release|Any CPU.Build.0 = Release|Any CPU
		{C0BF4F11-06F9-4E69-BF1B-5EA3834C03FE}.Debug|Any CPU.ActiveCfg = Debug|Any CPU
		{C0BF4F11-06F9-4E69-BF1B-5EA3834C03FE}.Debug|Any CPU.Build.0 = Debug|Any CPU
		{C0BF4F11-06F9-4E69-BF1B-5EA3834C03FE}.Release|Any CPU.ActiveCfg = Release|Any CPU
		{C0BF4F11-06F9-4E69-BF1B-5EA3834C03FE}.Release|Any CPU.Build.0 = Release|Any CPU
		{7AA20918-BDE2-49DC-A281-E0E193AAC366}.Debug|Any CPU.ActiveCfg = Debug|Any CPU
		{7AA20918-BDE2-49DC-A281-E0E193AAC366}.Debug|Any CPU.Build.0 = Debug|Any CPU
		{7AA20918-BDE2-49DC-A281-E0E193AAC366}.Release|Any CPU.ActiveCfg = Release|Any CPU
		{7AA20918-BDE2-49DC-A281-E0E193AAC366}.Release|Any CPU.Build.0 = Release|Any CPU
		{675C3C5C-97CD-4597-9F0F-B3A236C7C9DE}.Debug|Any CPU.ActiveCfg = Debug|Any CPU
		{675C3C5C-97CD-4597-9F0F-B3A236C7C9DE}.Debug|Any CPU.Build.0 = Debug|Any CPU
		{675C3C5C-97CD-4597-9F0F-B3A236C7C9DE}.Release|Any CPU.ActiveCfg = Release|Any CPU
		{675C3C5C-97CD-4597-9F0F-B3A236C7C9DE}.Release|Any CPU.Build.0 = Release|Any CPU
		{BD7517FA-4CBB-4D9C-A6D9-BF23B59B5E9E}.Debug|Any CPU.ActiveCfg = Debug|Any CPU
		{BD7517FA-4CBB-4D9C-A6D9-BF23B59B5E9E}.Debug|Any CPU.Build.0 = Debug|Any CPU
		{BD7517FA-4CBB-4D9C-A6D9-BF23B59B5E9E}.Release|Any CPU.ActiveCfg = Release|Any CPU
		{BD7517FA-4CBB-4D9C-A6D9-BF23B59B5E9E}.Release|Any CPU.Build.0 = Release|Any CPU
		{27E5319E-E6EF-45C1-AD6C-C6314661B23C}.Debug|Any CPU.ActiveCfg = Debug|Any CPU
		{27E5319E-E6EF-45C1-AD6C-C6314661B23C}.Debug|Any CPU.Build.0 = Debug|Any CPU
		{27E5319E-E6EF-45C1-AD6C-C6314661B23C}.Release|Any CPU.ActiveCfg = Release|Any CPU
		{27E5319E-E6EF-45C1-AD6C-C6314661B23C}.Release|Any CPU.Build.0 = Release|Any CPU
		{E524D5C6-D6A1-4A9F-B266-C1319438333D}.Debug|Any CPU.ActiveCfg = Debug|Any CPU
		{E524D5C6-D6A1-4A9F-B266-C1319438333D}.Debug|Any CPU.Build.0 = Debug|Any CPU
		{E524D5C6-D6A1-4A9F-B266-C1319438333D}.Release|Any CPU.ActiveCfg = Release|Any CPU
		{E524D5C6-D6A1-4A9F-B266-C1319438333D}.Release|Any CPU.Build.0 = Release|Any CPU
		{78589CB2-5DC4-4AE7-B143-D6AB61E2F082}.Debug|Any CPU.ActiveCfg = Debug|Any CPU
		{78589CB2-5DC4-4AE7-B143-D6AB61E2F082}.Debug|Any CPU.Build.0 = Debug|Any CPU
		{78589CB2-5DC4-4AE7-B143-D6AB61E2F082}.Release|Any CPU.ActiveCfg = Release|Any CPU
		{78589CB2-5DC4-4AE7-B143-D6AB61E2F082}.Release|Any CPU.Build.0 = Release|Any CPU
		{26C1D760-0A01-44F8-B419-26DBBCB866EF}.Debug|Any CPU.ActiveCfg = Debug|Any CPU
		{26C1D760-0A01-44F8-B419-26DBBCB866EF}.Debug|Any CPU.Build.0 = Debug|Any CPU
		{26C1D760-0A01-44F8-B419-26DBBCB866EF}.Release|Any CPU.ActiveCfg = Release|Any CPU
		{26C1D760-0A01-44F8-B419-26DBBCB866EF}.Release|Any CPU.Build.0 = Release|Any CPU
		{E7D7E310-D23F-4094-9DEC-F78E9AF4B280}.Debug|Any CPU.ActiveCfg = Debug|Any CPU
		{E7D7E310-D23F-4094-9DEC-F78E9AF4B280}.Debug|Any CPU.Build.0 = Debug|Any CPU
		{E7D7E310-D23F-4094-9DEC-F78E9AF4B280}.Release|Any CPU.ActiveCfg = Release|Any CPU
		{E7D7E310-D23F-4094-9DEC-F78E9AF4B280}.Release|Any CPU.Build.0 = Release|Any CPU
		{9964A0E1-1853-49D6-B8BB-5A5708EA65D2}.Debug|Any CPU.ActiveCfg = Debug|Any CPU
		{9964A0E1-1853-49D6-B8BB-5A5708EA65D2}.Debug|Any CPU.Build.0 = Debug|Any CPU
		{9964A0E1-1853-49D6-B8BB-5A5708EA65D2}.Release|Any CPU.ActiveCfg = Release|Any CPU
		{9964A0E1-1853-49D6-B8BB-5A5708EA65D2}.Release|Any CPU.Build.0 = Release|Any CPU
		{61E6AECE-28C8-49A5-805F-1C3C19C16D7A}.Debug|Any CPU.ActiveCfg = Debug|Any CPU
		{61E6AECE-28C8-49A5-805F-1C3C19C16D7A}.Debug|Any CPU.Build.0 = Debug|Any CPU
		{61E6AECE-28C8-49A5-805F-1C3C19C16D7A}.Release|Any CPU.ActiveCfg = Release|Any CPU
		{61E6AECE-28C8-49A5-805F-1C3C19C16D7A}.Release|Any CPU.Build.0 = Release|Any CPU
		{21C02334-696C-454F-9BC3-5B996C33DE37}.Debug|Any CPU.ActiveCfg = Debug|Any CPU
		{21C02334-696C-454F-9BC3-5B996C33DE37}.Debug|Any CPU.Build.0 = Debug|Any CPU
		{21C02334-696C-454F-9BC3-5B996C33DE37}.Release|Any CPU.ActiveCfg = Release|Any CPU
		{21C02334-696C-454F-9BC3-5B996C33DE37}.Release|Any CPU.Build.0 = Release|Any CPU
		{98554B53-9ED1-438C-9EFA-473118A68520}.Debug|Any CPU.ActiveCfg = Debug|Any CPU
		{98554B53-9ED1-438C-9EFA-473118A68520}.Debug|Any CPU.Build.0 = Debug|Any CPU
		{98554B53-9ED1-438C-9EFA-473118A68520}.Release|Any CPU.ActiveCfg = Release|Any CPU
		{98554B53-9ED1-438C-9EFA-473118A68520}.Release|Any CPU.Build.0 = Release|Any CPU
		{E1F7696B-1666-4339-AD69-5AA4D8DD2625}.Debug|Any CPU.ActiveCfg = Debug|Any CPU
		{E1F7696B-1666-4339-AD69-5AA4D8DD2625}.Debug|Any CPU.Build.0 = Debug|Any CPU
		{E1F7696B-1666-4339-AD69-5AA4D8DD2625}.Release|Any CPU.ActiveCfg = Release|Any CPU
		{E1F7696B-1666-4339-AD69-5AA4D8DD2625}.Release|Any CPU.Build.0 = Release|Any CPU
		{84B47F24-99F4-4324-A690-DD6F0ED8F61C}.Debug|Any CPU.ActiveCfg = Debug|Any CPU
		{84B47F24-99F4-4324-A690-DD6F0ED8F61C}.Debug|Any CPU.Build.0 = Debug|Any CPU
		{84B47F24-99F4-4324-A690-DD6F0ED8F61C}.Release|Any CPU.ActiveCfg = Release|Any CPU
		{84B47F24-99F4-4324-A690-DD6F0ED8F61C}.Release|Any CPU.Build.0 = Release|Any CPU
		{C690C526-6ECC-44F3-A94B-535CBB38D711}.Debug|Any CPU.ActiveCfg = Debug|Any CPU
		{C690C526-6ECC-44F3-A94B-535CBB38D711}.Debug|Any CPU.Build.0 = Debug|Any CPU
		{C690C526-6ECC-44F3-A94B-535CBB38D711}.Release|Any CPU.ActiveCfg = Release|Any CPU
		{C690C526-6ECC-44F3-A94B-535CBB38D711}.Release|Any CPU.Build.0 = Release|Any CPU
		{E5800333-27F9-407C-AC7A-CC8F0E5CE2AC}.Debug|Any CPU.ActiveCfg = Debug|Any CPU
		{E5800333-27F9-407C-AC7A-CC8F0E5CE2AC}.Debug|Any CPU.Build.0 = Debug|Any CPU
		{E5800333-27F9-407C-AC7A-CC8F0E5CE2AC}.Release|Any CPU.ActiveCfg = Release|Any CPU
		{E5800333-27F9-407C-AC7A-CC8F0E5CE2AC}.Release|Any CPU.Build.0 = Release|Any CPU
		{E8D557CB-1CCD-4987-AFF4-04FD5E54EB9D}.Debug|Any CPU.ActiveCfg = Debug|Any CPU
		{E8D557CB-1CCD-4987-AFF4-04FD5E54EB9D}.Debug|Any CPU.Build.0 = Debug|Any CPU
		{E8D557CB-1CCD-4987-AFF4-04FD5E54EB9D}.Release|Any CPU.ActiveCfg = Release|Any CPU
		{E8D557CB-1CCD-4987-AFF4-04FD5E54EB9D}.Release|Any CPU.Build.0 = Release|Any CPU
		{3F5D5BB2-B9C1-44FA-8ED7-55A4DEAC9B1C}.Debug|Any CPU.ActiveCfg = Debug|Any CPU
		{3F5D5BB2-B9C1-44FA-8ED7-55A4DEAC9B1C}.Debug|Any CPU.Build.0 = Debug|Any CPU
		{3F5D5BB2-B9C1-44FA-8ED7-55A4DEAC9B1C}.Release|Any CPU.ActiveCfg = Release|Any CPU
		{3F5D5BB2-B9C1-44FA-8ED7-55A4DEAC9B1C}.Release|Any CPU.Build.0 = Release|Any CPU
		{EF6928F3-A313-41F7-9CCF-0F667F5327B6}.Debug|Any CPU.ActiveCfg = Debug|Any CPU
		{EF6928F3-A313-41F7-9CCF-0F667F5327B6}.Debug|Any CPU.Build.0 = Debug|Any CPU
		{EF6928F3-A313-41F7-9CCF-0F667F5327B6}.Release|Any CPU.ActiveCfg = Release|Any CPU
		{EF6928F3-A313-41F7-9CCF-0F667F5327B6}.Release|Any CPU.Build.0 = Release|Any CPU
		{DBCB7C47-4CBE-47A8-ABD2-C438EC3F8034}.Debug|Any CPU.ActiveCfg = Debug|Any CPU
		{DBCB7C47-4CBE-47A8-ABD2-C438EC3F8034}.Debug|Any CPU.Build.0 = Debug|Any CPU
		{DBCB7C47-4CBE-47A8-ABD2-C438EC3F8034}.Release|Any CPU.ActiveCfg = Release|Any CPU
		{DBCB7C47-4CBE-47A8-ABD2-C438EC3F8034}.Release|Any CPU.Build.0 = Release|Any CPU
		{3D670527-BEE2-4EF2-AF2A-03E48FCBDDF2}.Debug|Any CPU.ActiveCfg = Debug|Any CPU
		{3D670527-BEE2-4EF2-AF2A-03E48FCBDDF2}.Debug|Any CPU.Build.0 = Debug|Any CPU
		{3D670527-BEE2-4EF2-AF2A-03E48FCBDDF2}.Release|Any CPU.ActiveCfg = Release|Any CPU
		{3D670527-BEE2-4EF2-AF2A-03E48FCBDDF2}.Release|Any CPU.Build.0 = Release|Any CPU
		{77F66F3E-59C9-4299-917B-845C4AAF4722}.Debug|Any CPU.ActiveCfg = Debug|Any CPU
		{77F66F3E-59C9-4299-917B-845C4AAF4722}.Debug|Any CPU.Build.0 = Debug|Any CPU
		{77F66F3E-59C9-4299-917B-845C4AAF4722}.Release|Any CPU.ActiveCfg = Release|Any CPU
		{77F66F3E-59C9-4299-917B-845C4AAF4722}.Release|Any CPU.Build.0 = Release|Any CPU
		{1145B60D-64D6-4510-A2F1-19E3C0E5B57A}.Debug|Any CPU.ActiveCfg = Debug|Any CPU
		{1145B60D-64D6-4510-A2F1-19E3C0E5B57A}.Debug|Any CPU.Build.0 = Debug|Any CPU
		{1145B60D-64D6-4510-A2F1-19E3C0E5B57A}.Release|Any CPU.ActiveCfg = Release|Any CPU
		{1145B60D-64D6-4510-A2F1-19E3C0E5B57A}.Release|Any CPU.Build.0 = Release|Any CPU
		{4BB19839-EF1C-4B13-8B03-D5AD7F1219DC}.Debug|Any CPU.ActiveCfg = Debug|Any CPU
		{4BB19839-EF1C-4B13-8B03-D5AD7F1219DC}.Debug|Any CPU.Build.0 = Debug|Any CPU
		{4BB19839-EF1C-4B13-8B03-D5AD7F1219DC}.Release|Any CPU.ActiveCfg = Release|Any CPU
		{4BB19839-EF1C-4B13-8B03-D5AD7F1219DC}.Release|Any CPU.Build.0 = Release|Any CPU
		{94855A5A-6397-4174-ACB4-D33530DF71D7}.Debug|Any CPU.ActiveCfg = Debug|Any CPU
		{94855A5A-6397-4174-ACB4-D33530DF71D7}.Debug|Any CPU.Build.0 = Debug|Any CPU
		{94855A5A-6397-4174-ACB4-D33530DF71D7}.Release|Any CPU.ActiveCfg = Release|Any CPU
		{94855A5A-6397-4174-ACB4-D33530DF71D7}.Release|Any CPU.Build.0 = Release|Any CPU
		{A78B5AFC-BEB0-4C0C-9796-AFDDAECD9FC2}.Debug|Any CPU.ActiveCfg = Debug|Any CPU
		{A78B5AFC-BEB0-4C0C-9796-AFDDAECD9FC2}.Debug|Any CPU.Build.0 = Debug|Any CPU
		{A78B5AFC-BEB0-4C0C-9796-AFDDAECD9FC2}.Release|Any CPU.ActiveCfg = Release|Any CPU
		{A78B5AFC-BEB0-4C0C-9796-AFDDAECD9FC2}.Release|Any CPU.Build.0 = Release|Any CPU
		{7413094D-D2ED-4F6F-908D-676B16AD4BCA}.Debug|Any CPU.ActiveCfg = Debug|Any CPU
		{7413094D-D2ED-4F6F-908D-676B16AD4BCA}.Debug|Any CPU.Build.0 = Debug|Any CPU
		{7413094D-D2ED-4F6F-908D-676B16AD4BCA}.Release|Any CPU.ActiveCfg = Release|Any CPU
		{7413094D-D2ED-4F6F-908D-676B16AD4BCA}.Release|Any CPU.Build.0 = Release|Any CPU
		{53ED1D38-A073-488D-A7C4-B81368A8C1C2}.Debug|Any CPU.ActiveCfg = Debug|Any CPU
		{53ED1D38-A073-488D-A7C4-B81368A8C1C2}.Debug|Any CPU.Build.0 = Debug|Any CPU
		{53ED1D38-A073-488D-A7C4-B81368A8C1C2}.Release|Any CPU.ActiveCfg = Release|Any CPU
		{53ED1D38-A073-488D-A7C4-B81368A8C1C2}.Release|Any CPU.Build.0 = Release|Any CPU
		{AF47101A-524A-4516-9E19-CEE0D1E857BD}.Debug|Any CPU.ActiveCfg = Debug|Any CPU
		{AF47101A-524A-4516-9E19-CEE0D1E857BD}.Debug|Any CPU.Build.0 = Debug|Any CPU
		{AF47101A-524A-4516-9E19-CEE0D1E857BD}.Release|Any CPU.ActiveCfg = Release|Any CPU
		{AF47101A-524A-4516-9E19-CEE0D1E857BD}.Release|Any CPU.Build.0 = Release|Any CPU
		{DC0C6F68-4788-4444-9E5A-D889C697C7B4}.Debug|Any CPU.ActiveCfg = Debug|Any CPU
		{DC0C6F68-4788-4444-9E5A-D889C697C7B4}.Debug|Any CPU.Build.0 = Debug|Any CPU
		{DC0C6F68-4788-4444-9E5A-D889C697C7B4}.Release|Any CPU.ActiveCfg = Release|Any CPU
		{DC0C6F68-4788-4444-9E5A-D889C697C7B4}.Release|Any CPU.Build.0 = Release|Any CPU
		{53124B0D-D834-47CA-A58A-385C05123A31}.Debug|Any CPU.ActiveCfg = Debug|Any CPU
		{53124B0D-D834-47CA-A58A-385C05123A31}.Debug|Any CPU.Build.0 = Debug|Any CPU
		{53124B0D-D834-47CA-A58A-385C05123A31}.Release|Any CPU.ActiveCfg = Release|Any CPU
		{53124B0D-D834-47CA-A58A-385C05123A31}.Release|Any CPU.Build.0 = Release|Any CPU
		{6DAC5280-DA71-43DA-8CCB-D4535631475B}.Debug|Any CPU.ActiveCfg = Debug|Any CPU
		{6DAC5280-DA71-43DA-8CCB-D4535631475B}.Debug|Any CPU.Build.0 = Debug|Any CPU
		{6DAC5280-DA71-43DA-8CCB-D4535631475B}.Release|Any CPU.ActiveCfg = Release|Any CPU
		{6DAC5280-DA71-43DA-8CCB-D4535631475B}.Release|Any CPU.Build.0 = Release|Any CPU
		{ECDA2561-D61B-4414-B807-BFDE82C54D04}.Debug|Any CPU.ActiveCfg = Debug|Any CPU
		{ECDA2561-D61B-4414-B807-BFDE82C54D04}.Debug|Any CPU.Build.0 = Debug|Any CPU
		{ECDA2561-D61B-4414-B807-BFDE82C54D04}.Release|Any CPU.ActiveCfg = Release|Any CPU
		{ECDA2561-D61B-4414-B807-BFDE82C54D04}.Release|Any CPU.Build.0 = Release|Any CPU
		{003F879B-E891-42A3-909F-3552CB28197D}.Debug|Any CPU.ActiveCfg = Debug|Any CPU
		{003F879B-E891-42A3-909F-3552CB28197D}.Debug|Any CPU.Build.0 = Debug|Any CPU
		{003F879B-E891-42A3-909F-3552CB28197D}.Release|Any CPU.ActiveCfg = Release|Any CPU
		{003F879B-E891-42A3-909F-3552CB28197D}.Release|Any CPU.Build.0 = Release|Any CPU
		{C2312E88-DCD3-44D3-9E25-B5E0762C433D}.Debug|Any CPU.ActiveCfg = Debug|Any CPU
		{C2312E88-DCD3-44D3-9E25-B5E0762C433D}.Debug|Any CPU.Build.0 = Debug|Any CPU
		{C2312E88-DCD3-44D3-9E25-B5E0762C433D}.Release|Any CPU.ActiveCfg = Release|Any CPU
		{C2312E88-DCD3-44D3-9E25-B5E0762C433D}.Release|Any CPU.Build.0 = Release|Any CPU
		{24D21655-D3CC-4053-AE59-E738C5F9EF5A}.Debug|Any CPU.ActiveCfg = Debug|Any CPU
		{24D21655-D3CC-4053-AE59-E738C5F9EF5A}.Debug|Any CPU.Build.0 = Debug|Any CPU
		{24D21655-D3CC-4053-AE59-E738C5F9EF5A}.Release|Any CPU.ActiveCfg = Release|Any CPU
		{24D21655-D3CC-4053-AE59-E738C5F9EF5A}.Release|Any CPU.Build.0 = Release|Any CPU
		{A20997C6-F919-4766-8E5F-3268331073AF}.Debug|Any CPU.ActiveCfg = Debug|Any CPU
		{A20997C6-F919-4766-8E5F-3268331073AF}.Debug|Any CPU.Build.0 = Debug|Any CPU
		{A20997C6-F919-4766-8E5F-3268331073AF}.Release|Any CPU.ActiveCfg = Release|Any CPU
		{A20997C6-F919-4766-8E5F-3268331073AF}.Release|Any CPU.Build.0 = Release|Any CPU
		{50E49608-064C-4A61-BA03-28A5199AE846}.Debug|Any CPU.ActiveCfg = Debug|Any CPU
		{50E49608-064C-4A61-BA03-28A5199AE846}.Debug|Any CPU.Build.0 = Debug|Any CPU
		{50E49608-064C-4A61-BA03-28A5199AE846}.Release|Any CPU.ActiveCfg = Release|Any CPU
		{50E49608-064C-4A61-BA03-28A5199AE846}.Release|Any CPU.Build.0 = Release|Any CPU
		{7CCF9B6E-304F-430E-A226-E88FCD1B8A15}.Debug|Any CPU.ActiveCfg = Debug|Any CPU
		{7CCF9B6E-304F-430E-A226-E88FCD1B8A15}.Debug|Any CPU.Build.0 = Debug|Any CPU
		{7CCF9B6E-304F-430E-A226-E88FCD1B8A15}.Release|Any CPU.ActiveCfg = Release|Any CPU
		{7CCF9B6E-304F-430E-A226-E88FCD1B8A15}.Release|Any CPU.Build.0 = Release|Any CPU
		{1CC8094D-F16C-4970-850A-EB1D6A16671E}.Debug|Any CPU.ActiveCfg = Debug|Any CPU
		{1CC8094D-F16C-4970-850A-EB1D6A16671E}.Debug|Any CPU.Build.0 = Debug|Any CPU
		{1CC8094D-F16C-4970-850A-EB1D6A16671E}.Release|Any CPU.ActiveCfg = Release|Any CPU
		{1CC8094D-F16C-4970-850A-EB1D6A16671E}.Release|Any CPU.Build.0 = Release|Any CPU
		{83896C05-4EB8-4FC5-B81C-2DFEBC7E2E33}.Debug|Any CPU.ActiveCfg = Debug|Any CPU
		{83896C05-4EB8-4FC5-B81C-2DFEBC7E2E33}.Debug|Any CPU.Build.0 = Debug|Any CPU
		{83896C05-4EB8-4FC5-B81C-2DFEBC7E2E33}.Release|Any CPU.ActiveCfg = Release|Any CPU
		{83896C05-4EB8-4FC5-B81C-2DFEBC7E2E33}.Release|Any CPU.Build.0 = Release|Any CPU
		{D2528146-B9FF-4936-8DC2-794B3D5F4C4E}.Debug|Any CPU.ActiveCfg = Debug|Any CPU
		{D2528146-B9FF-4936-8DC2-794B3D5F4C4E}.Debug|Any CPU.Build.0 = Debug|Any CPU
		{D2528146-B9FF-4936-8DC2-794B3D5F4C4E}.Release|Any CPU.ActiveCfg = Release|Any CPU
		{D2528146-B9FF-4936-8DC2-794B3D5F4C4E}.Release|Any CPU.Build.0 = Release|Any CPU
		{4453E86C-DD3A-44F6-B2DE-9B3624EB1C93}.Debug|Any CPU.ActiveCfg = Debug|Any CPU
		{4453E86C-DD3A-44F6-B2DE-9B3624EB1C93}.Debug|Any CPU.Build.0 = Debug|Any CPU
		{4453E86C-DD3A-44F6-B2DE-9B3624EB1C93}.Release|Any CPU.ActiveCfg = Release|Any CPU
		{4453E86C-DD3A-44F6-B2DE-9B3624EB1C93}.Release|Any CPU.Build.0 = Release|Any CPU
		{134FC8AE-D6AA-40BA-9DEF-C5D10FE7F632}.Debug|Any CPU.ActiveCfg = Debug|Any CPU
		{134FC8AE-D6AA-40BA-9DEF-C5D10FE7F632}.Debug|Any CPU.Build.0 = Debug|Any CPU
		{134FC8AE-D6AA-40BA-9DEF-C5D10FE7F632}.Release|Any CPU.ActiveCfg = Release|Any CPU
		{134FC8AE-D6AA-40BA-9DEF-C5D10FE7F632}.Release|Any CPU.Build.0 = Release|Any CPU
		{77AA85B2-EA3C-40A6-9384-63E3BF38E3E7}.Debug|Any CPU.ActiveCfg = Debug|Any CPU
		{77AA85B2-EA3C-40A6-9384-63E3BF38E3E7}.Debug|Any CPU.Build.0 = Debug|Any CPU
		{77AA85B2-EA3C-40A6-9384-63E3BF38E3E7}.Release|Any CPU.ActiveCfg = Release|Any CPU
		{77AA85B2-EA3C-40A6-9384-63E3BF38E3E7}.Release|Any CPU.Build.0 = Release|Any CPU
		{2A2DFD0B-4231-43B2-9022-B57C718797A9}.Debug|Any CPU.ActiveCfg = Debug|Any CPU
		{2A2DFD0B-4231-43B2-9022-B57C718797A9}.Debug|Any CPU.Build.0 = Debug|Any CPU
		{2A2DFD0B-4231-43B2-9022-B57C718797A9}.Release|Any CPU.ActiveCfg = Release|Any CPU
		{2A2DFD0B-4231-43B2-9022-B57C718797A9}.Release|Any CPU.Build.0 = Release|Any CPU
		{8F669A56-822F-4437-9628-40A4D3B88456}.Debug|Any CPU.ActiveCfg = Debug|Any CPU
		{8F669A56-822F-4437-9628-40A4D3B88456}.Debug|Any CPU.Build.0 = Debug|Any CPU
		{8F669A56-822F-4437-9628-40A4D3B88456}.Release|Any CPU.ActiveCfg = Release|Any CPU
		{8F669A56-822F-4437-9628-40A4D3B88456}.Release|Any CPU.Build.0 = Release|Any CPU
		{2038723E-285F-48EE-B80E-F0F431302C29}.Debug|Any CPU.ActiveCfg = Debug|Any CPU
		{2038723E-285F-48EE-B80E-F0F431302C29}.Debug|Any CPU.Build.0 = Debug|Any CPU
		{2038723E-285F-48EE-B80E-F0F431302C29}.Release|Any CPU.ActiveCfg = Release|Any CPU
		{2038723E-285F-48EE-B80E-F0F431302C29}.Release|Any CPU.Build.0 = Release|Any CPU
		{4F9AD327-51F0-4396-A49E-D31D4DF2EDA9}.Debug|Any CPU.ActiveCfg = Debug|Any CPU
		{4F9AD327-51F0-4396-A49E-D31D4DF2EDA9}.Debug|Any CPU.Build.0 = Debug|Any CPU
		{4F9AD327-51F0-4396-A49E-D31D4DF2EDA9}.Release|Any CPU.ActiveCfg = Release|Any CPU
		{4F9AD327-51F0-4396-A49E-D31D4DF2EDA9}.Release|Any CPU.Build.0 = Release|Any CPU
		{5043D199-F882-43F7-BDC1-BA1017CFA6BF}.Debug|Any CPU.ActiveCfg = Debug|Any CPU
		{5043D199-F882-43F7-BDC1-BA1017CFA6BF}.Debug|Any CPU.Build.0 = Debug|Any CPU
		{5043D199-F882-43F7-BDC1-BA1017CFA6BF}.Release|Any CPU.ActiveCfg = Release|Any CPU
		{5043D199-F882-43F7-BDC1-BA1017CFA6BF}.Release|Any CPU.Build.0 = Release|Any CPU
		{F2E172C3-6963-42E9-8F42-55488797CC8F}.Debug|Any CPU.ActiveCfg = Debug|Any CPU
		{F2E172C3-6963-42E9-8F42-55488797CC8F}.Debug|Any CPU.Build.0 = Debug|Any CPU
		{F2E172C3-6963-42E9-8F42-55488797CC8F}.Release|Any CPU.ActiveCfg = Release|Any CPU
		{F2E172C3-6963-42E9-8F42-55488797CC8F}.Release|Any CPU.Build.0 = Release|Any CPU
		{2795C0FB-1294-41D1-B6D4-C236FCCA3D9B}.Debug|Any CPU.ActiveCfg = Debug|Any CPU
		{2795C0FB-1294-41D1-B6D4-C236FCCA3D9B}.Debug|Any CPU.Build.0 = Debug|Any CPU
		{2795C0FB-1294-41D1-B6D4-C236FCCA3D9B}.Release|Any CPU.ActiveCfg = Release|Any CPU
		{2795C0FB-1294-41D1-B6D4-C236FCCA3D9B}.Release|Any CPU.Build.0 = Release|Any CPU
		{40017AE5-E5C1-40D0-9FF8-B4A6DCF4E8D3}.Debug|Any CPU.ActiveCfg = Debug|Any CPU
		{40017AE5-E5C1-40D0-9FF8-B4A6DCF4E8D3}.Debug|Any CPU.Build.0 = Debug|Any CPU
		{40017AE5-E5C1-40D0-9FF8-B4A6DCF4E8D3}.Release|Any CPU.ActiveCfg = Release|Any CPU
		{40017AE5-E5C1-40D0-9FF8-B4A6DCF4E8D3}.Release|Any CPU.Build.0 = Release|Any CPU
		{2FDF49AD-0115-4D79-8C27-ABDED84A7608}.Debug|Any CPU.ActiveCfg = Debug|Any CPU
		{2FDF49AD-0115-4D79-8C27-ABDED84A7608}.Debug|Any CPU.Build.0 = Debug|Any CPU
		{2FDF49AD-0115-4D79-8C27-ABDED84A7608}.Release|Any CPU.ActiveCfg = Release|Any CPU
		{2FDF49AD-0115-4D79-8C27-ABDED84A7608}.Release|Any CPU.Build.0 = Release|Any CPU
		{22AEB66A-A32A-4597-A7AA-F5C5BCCAAE94}.Debug|Any CPU.ActiveCfg = Debug|Any CPU
		{22AEB66A-A32A-4597-A7AA-F5C5BCCAAE94}.Debug|Any CPU.Build.0 = Debug|Any CPU
		{22AEB66A-A32A-4597-A7AA-F5C5BCCAAE94}.Release|Any CPU.ActiveCfg = Release|Any CPU
		{22AEB66A-A32A-4597-A7AA-F5C5BCCAAE94}.Release|Any CPU.Build.0 = Release|Any CPU
		{FF0A4B41-20C3-4EE0-900C-0BEFECABA595}.Debug|Any CPU.ActiveCfg = Debug|Any CPU
		{FF0A4B41-20C3-4EE0-900C-0BEFECABA595}.Debug|Any CPU.Build.0 = Debug|Any CPU
		{FF0A4B41-20C3-4EE0-900C-0BEFECABA595}.Release|Any CPU.ActiveCfg = Release|Any CPU
		{FF0A4B41-20C3-4EE0-900C-0BEFECABA595}.Release|Any CPU.Build.0 = Release|Any CPU
		{CC7404AF-0F92-4D95-9587-3F72E1ECE8A7}.Debug|Any CPU.ActiveCfg = Debug|Any CPU
		{CC7404AF-0F92-4D95-9587-3F72E1ECE8A7}.Debug|Any CPU.Build.0 = Debug|Any CPU
		{CC7404AF-0F92-4D95-9587-3F72E1ECE8A7}.Release|Any CPU.ActiveCfg = Release|Any CPU
		{CC7404AF-0F92-4D95-9587-3F72E1ECE8A7}.Release|Any CPU.Build.0 = Release|Any CPU
		{0A76487F-7366-40BF-96C1-E184AFEB2D7D}.Debug|Any CPU.ActiveCfg = Debug|Any CPU
		{0A76487F-7366-40BF-96C1-E184AFEB2D7D}.Debug|Any CPU.Build.0 = Debug|Any CPU
		{0A76487F-7366-40BF-96C1-E184AFEB2D7D}.Release|Any CPU.ActiveCfg = Release|Any CPU
		{0A76487F-7366-40BF-96C1-E184AFEB2D7D}.Release|Any CPU.Build.0 = Release|Any CPU
		{20AA59E1-768A-476C-8A7D-97C0BA23D35B}.Debug|Any CPU.ActiveCfg = Debug|Any CPU
		{20AA59E1-768A-476C-8A7D-97C0BA23D35B}.Debug|Any CPU.Build.0 = Debug|Any CPU
		{20AA59E1-768A-476C-8A7D-97C0BA23D35B}.Release|Any CPU.ActiveCfg = Release|Any CPU
		{20AA59E1-768A-476C-8A7D-97C0BA23D35B}.Release|Any CPU.Build.0 = Release|Any CPU
		{10A5332B-24DA-4391-91AB-5C53765897CE}.Debug|Any CPU.ActiveCfg = Debug|Any CPU
		{10A5332B-24DA-4391-91AB-5C53765897CE}.Debug|Any CPU.Build.0 = Debug|Any CPU
		{10A5332B-24DA-4391-91AB-5C53765897CE}.Release|Any CPU.ActiveCfg = Release|Any CPU
		{10A5332B-24DA-4391-91AB-5C53765897CE}.Release|Any CPU.Build.0 = Release|Any CPU
		{7A6866D4-C85F-4F63-93F5-FBBB4ECC8818}.Debug|Any CPU.ActiveCfg = Debug|Any CPU
		{7A6866D4-C85F-4F63-93F5-FBBB4ECC8818}.Debug|Any CPU.Build.0 = Debug|Any CPU
		{7A6866D4-C85F-4F63-93F5-FBBB4ECC8818}.Release|Any CPU.ActiveCfg = Release|Any CPU
		{7A6866D4-C85F-4F63-93F5-FBBB4ECC8818}.Release|Any CPU.Build.0 = Release|Any CPU
		{B2FE7F06-ACDA-4831-AF20-017D023F3427}.Debug|Any CPU.ActiveCfg = Debug|Any CPU
		{B2FE7F06-ACDA-4831-AF20-017D023F3427}.Debug|Any CPU.Build.0 = Debug|Any CPU
		{B2FE7F06-ACDA-4831-AF20-017D023F3427}.Release|Any CPU.ActiveCfg = Release|Any CPU
		{B2FE7F06-ACDA-4831-AF20-017D023F3427}.Release|Any CPU.Build.0 = Release|Any CPU
		{BCAD2704-4DCF-4E68-9007-CE4CA9FA765B}.Debug|Any CPU.ActiveCfg = Debug|Any CPU
		{BCAD2704-4DCF-4E68-9007-CE4CA9FA765B}.Debug|Any CPU.Build.0 = Debug|Any CPU
		{BCAD2704-4DCF-4E68-9007-CE4CA9FA765B}.Release|Any CPU.ActiveCfg = Release|Any CPU
		{BCAD2704-4DCF-4E68-9007-CE4CA9FA765B}.Release|Any CPU.Build.0 = Release|Any CPU
		{E584EAE4-ADAD-4A83-B876-BBAE2F261B80}.Debug|Any CPU.ActiveCfg = Debug|Any CPU
		{E584EAE4-ADAD-4A83-B876-BBAE2F261B80}.Debug|Any CPU.Build.0 = Debug|Any CPU
		{E584EAE4-ADAD-4A83-B876-BBAE2F261B80}.Release|Any CPU.ActiveCfg = Release|Any CPU
		{E584EAE4-ADAD-4A83-B876-BBAE2F261B80}.Release|Any CPU.Build.0 = Release|Any CPU
		{495B0CDD-4A40-4E5F-93C0-B72AF3F9FE3A}.Debug|Any CPU.ActiveCfg = Debug|Any CPU
		{495B0CDD-4A40-4E5F-93C0-B72AF3F9FE3A}.Debug|Any CPU.Build.0 = Debug|Any CPU
		{495B0CDD-4A40-4E5F-93C0-B72AF3F9FE3A}.Release|Any CPU.ActiveCfg = Release|Any CPU
		{495B0CDD-4A40-4E5F-93C0-B72AF3F9FE3A}.Release|Any CPU.Build.0 = Release|Any CPU
	EndGlobalSection
	GlobalSection(SolutionProperties) = preSolution
		HideSolutionNode = FALSE
	EndGlobalSection
	GlobalSection(ExtensibilityGlobals) = postSolution
		SolutionGuid = {8747DA95-3DA2-4F7A-AACC-1A506E5E7318}
	EndGlobalSection
EndGlobal
